
Microsoft Visual Studio Solution File, Format Version 12.00
# Visual Studio 15
VisualStudioVersion = 15.0.26730.10
MinimumVisualStudioVersion = 10.0.40219.1
Project("{FAE04EC0-301F-11D3-BF4B-00C04F79EFBC}") = "Sample.Android", "Sample\Sample.Android\Sample.Android.csproj", "{10AEAD61-2F40-43E9-86FA-08CF87A8A1E6}"
EndProject
Project("{FAE04EC0-301F-11D3-BF4B-00C04F79EFBC}") = "Sample.UWP", "Sample\Sample.UWP\Sample.UWP.csproj", "{E80EC64C-4720-4C7E-BE3B-DB36A3A74EF9}"
EndProject
Project("{FAE04EC0-301F-11D3-BF4B-00C04F79EFBC}") = "Sample.iOS", "Sample\Sample.iOS\Sample.iOS.csproj", "{E70C6DB8-A479-440A-9AF4-51D4216CA3DF}"
EndProject
Project("{9A19103F-16F7-4668-BE54-9A1E7A4F7556}") = "Sample.Core", "Sample.Core\Sample.Core.csproj", "{6ED68C5A-58CB-42AB-B26C-3CA1C2604215}"
EndProject
Project("{9A19103F-16F7-4668-BE54-9A1E7A4F7556}") = "Plugin.Beacons.Abstractions", "Plugin.Beacons.Abstractions\Plugin.Beacons.Abstractions.csproj", "{4497E1FA-9184-4263-821C-C17A96434271}"
EndProject
Project("{9A19103F-16F7-4668-BE54-9A1E7A4F7556}") = "Plugin.Beacons", "Plugin.Beacons\Plugin.Beacons.csproj", "{87D5A064-B448-4928-BF17-41E37D971FC8}"
EndProject
Project("{D954291E-2A0B-460D-934E-DC6B0785DB48}") = "Plugin.Beacons.Shared", "Plugin.Beacons.Shared\Plugin.Beacons.Shared.shproj", "{4CB9FBA4-8239-4712-AFF4-64A602378225}"
EndProject
Project("{FAE04EC0-301F-11D3-BF4B-00C04F79EFBC}") = "Plugin.Beacons.iOS", "Plugin.Beacons.iOS\Plugin.Beacons.iOS.csproj", "{0F784023-5948-46E1-B37F-A3FD01AA40EF}"
EndProject
Project("{2150E333-8FDC-42A3-9474-1A3956D46DE8}") = "Sample", "Sample", "{421C6EF2-6167-411F-83A9-54C1780F36EA}"
EndProject
Project("{2150E333-8FDC-42A3-9474-1A3956D46DE8}") = "Solution Items", "Solution Items", "{3504C291-E551-408F-8FB3-705898C4F8F0}"
	ProjectSection(SolutionItems) = preProject
		LICENSE.md = LICENSE.md
		nuspec\nuget.exe = nuspec\nuget.exe
		nuspec\pack.cmd = nuspec\pack.cmd
		nuspec\Plugin.Beacons.nuspec = nuspec\Plugin.Beacons.nuspec
		nuspec\push.cmd = nuspec\push.cmd
		readme.md = readme.md
	EndProjectSection
EndProject
Project("{FAE04EC0-301F-11D3-BF4B-00C04F79EFBC}") = "Plugin.Beacons.Tests", "Plugin.Beacons.Tests\Plugin.Beacons.Tests.csproj", "{F9D975B6-E79A-4014-89B5-82AB7FD86BAC}"
EndProject
Project("{FAE04EC0-301F-11D3-BF4B-00C04F79EFBC}") = "Plugin.Beacons.Android", "Plugin.Beacons.Android\Plugin.Beacons.Android.csproj", "{57B215C8-4356-49E3-A09F-323419E40FC8}"
EndProject
Project("{D954291E-2A0B-460D-934E-DC6B0785DB48}") = "Plugin.Beacons.Generic.Shared", "Plugin.Beacons.Generic.Shared\Plugin.Beacons.Generic.Shared.shproj", "{F8D32957-3AFD-4146-B8DB-97B47B896D79}"
EndProject
Project("{FAE04EC0-301F-11D3-BF4B-00C04F79EFBC}") = "Plugin.Beacons.Uwp", "Plugin.Beacons.Uwp\Plugin.Beacons.Uwp.csproj", "{75544DE9-1A7C-4813-96E1-4F59305EA519}"
EndProject
Project("{2150E333-8FDC-42A3-9474-1A3956D46DE8}") = "Generic", "Generic", "{C9A16782-3218-4467-B821-26A074CD4C1B}"
EndProject
Global
	GlobalSection(SharedMSBuildProjectFiles) = preSolution
		Plugin.Beacons.Shared\Plugin.Beacons.Shared.projitems*{0f784023-5948-46e1-b37f-a3fd01aa40ef}*SharedItemsImports = 4
		Plugin.Beacons.Shared\Plugin.Beacons.Shared.projitems*{4cb9fba4-8239-4712-aff4-64a602378225}*SharedItemsImports = 13
		Plugin.Beacons.Generic.Shared\Plugin.Beacons.Generic.Shared.projitems*{57b215c8-4356-49e3-a09f-323419e40fc8}*SharedItemsImports = 4
		Plugin.Beacons.Shared\Plugin.Beacons.Shared.projitems*{57b215c8-4356-49e3-a09f-323419e40fc8}*SharedItemsImports = 4
		Plugin.Beacons.Generic.Shared\Plugin.Beacons.Generic.Shared.projitems*{75544de9-1a7c-4813-96e1-4f59305ea519}*SharedItemsImports = 4
		Plugin.Beacons.Shared\Plugin.Beacons.Shared.projitems*{75544de9-1a7c-4813-96e1-4f59305ea519}*SharedItemsImports = 4
		Plugin.Beacons.Generic.Shared\Plugin.Beacons.Generic.Shared.projitems*{f8d32957-3afd-4146-b8db-97b47b896d79}*SharedItemsImports = 13
	EndGlobalSection
	GlobalSection(SolutionConfigurationPlatforms) = preSolution
		Ad-Hoc|Any CPU = Ad-Hoc|Any CPU
		Ad-Hoc|ARM = Ad-Hoc|ARM
		Ad-Hoc|iPhone = Ad-Hoc|iPhone
		Ad-Hoc|iPhoneSimulator = Ad-Hoc|iPhoneSimulator
		Ad-Hoc|x64 = Ad-Hoc|x64
		Ad-Hoc|x86 = Ad-Hoc|x86
		AppStore|Any CPU = AppStore|Any CPU
		AppStore|ARM = AppStore|ARM
		AppStore|iPhone = AppStore|iPhone
		AppStore|iPhoneSimulator = AppStore|iPhoneSimulator
		AppStore|x64 = AppStore|x64
		AppStore|x86 = AppStore|x86
		Debug|Any CPU = Debug|Any CPU
		Debug|ARM = Debug|ARM
		Debug|iPhone = Debug|iPhone
		Debug|iPhoneSimulator = Debug|iPhoneSimulator
		Debug|x64 = Debug|x64
		Debug|x86 = Debug|x86
		Release|Any CPU = Release|Any CPU
		Release|ARM = Release|ARM
		Release|iPhone = Release|iPhone
		Release|iPhoneSimulator = Release|iPhoneSimulator
		Release|x64 = Release|x64
		Release|x86 = Release|x86
	EndGlobalSection
	GlobalSection(ProjectConfigurationPlatforms) = postSolution
		{10AEAD61-2F40-43E9-86FA-08CF87A8A1E6}.Ad-Hoc|Any CPU.ActiveCfg = Release|Any CPU
		{10AEAD61-2F40-43E9-86FA-08CF87A8A1E6}.Ad-Hoc|Any CPU.Build.0 = Release|Any CPU
		{10AEAD61-2F40-43E9-86FA-08CF87A8A1E6}.Ad-Hoc|Any CPU.Deploy.0 = Release|Any CPU
		{10AEAD61-2F40-43E9-86FA-08CF87A8A1E6}.Ad-Hoc|ARM.ActiveCfg = Release|Any CPU
		{10AEAD61-2F40-43E9-86FA-08CF87A8A1E6}.Ad-Hoc|ARM.Build.0 = Release|Any CPU
		{10AEAD61-2F40-43E9-86FA-08CF87A8A1E6}.Ad-Hoc|ARM.Deploy.0 = Release|Any CPU
		{10AEAD61-2F40-43E9-86FA-08CF87A8A1E6}.Ad-Hoc|iPhone.ActiveCfg = Release|Any CPU
		{10AEAD61-2F40-43E9-86FA-08CF87A8A1E6}.Ad-Hoc|iPhone.Build.0 = Release|Any CPU
		{10AEAD61-2F40-43E9-86FA-08CF87A8A1E6}.Ad-Hoc|iPhone.Deploy.0 = Release|Any CPU
		{10AEAD61-2F40-43E9-86FA-08CF87A8A1E6}.Ad-Hoc|iPhoneSimulator.ActiveCfg = Release|Any CPU
		{10AEAD61-2F40-43E9-86FA-08CF87A8A1E6}.Ad-Hoc|iPhoneSimulator.Build.0 = Release|Any CPU
		{10AEAD61-2F40-43E9-86FA-08CF87A8A1E6}.Ad-Hoc|iPhoneSimulator.Deploy.0 = Release|Any CPU
		{10AEAD61-2F40-43E9-86FA-08CF87A8A1E6}.Ad-Hoc|x64.ActiveCfg = Release|Any CPU
		{10AEAD61-2F40-43E9-86FA-08CF87A8A1E6}.Ad-Hoc|x64.Build.0 = Release|Any CPU
		{10AEAD61-2F40-43E9-86FA-08CF87A8A1E6}.Ad-Hoc|x64.Deploy.0 = Release|Any CPU
		{10AEAD61-2F40-43E9-86FA-08CF87A8A1E6}.Ad-Hoc|x86.ActiveCfg = Release|Any CPU
		{10AEAD61-2F40-43E9-86FA-08CF87A8A1E6}.Ad-Hoc|x86.Build.0 = Release|Any CPU
		{10AEAD61-2F40-43E9-86FA-08CF87A8A1E6}.Ad-Hoc|x86.Deploy.0 = Release|Any CPU
		{10AEAD61-2F40-43E9-86FA-08CF87A8A1E6}.AppStore|Any CPU.ActiveCfg = Release|Any CPU
		{10AEAD61-2F40-43E9-86FA-08CF87A8A1E6}.AppStore|Any CPU.Build.0 = Release|Any CPU
		{10AEAD61-2F40-43E9-86FA-08CF87A8A1E6}.AppStore|Any CPU.Deploy.0 = Release|Any CPU
		{10AEAD61-2F40-43E9-86FA-08CF87A8A1E6}.AppStore|ARM.ActiveCfg = Release|Any CPU
		{10AEAD61-2F40-43E9-86FA-08CF87A8A1E6}.AppStore|ARM.Build.0 = Release|Any CPU
		{10AEAD61-2F40-43E9-86FA-08CF87A8A1E6}.AppStore|ARM.Deploy.0 = Release|Any CPU
		{10AEAD61-2F40-43E9-86FA-08CF87A8A1E6}.AppStore|iPhone.ActiveCfg = Release|Any CPU
		{10AEAD61-2F40-43E9-86FA-08CF87A8A1E6}.AppStore|iPhone.Build.0 = Release|Any CPU
		{10AEAD61-2F40-43E9-86FA-08CF87A8A1E6}.AppStore|iPhone.Deploy.0 = Release|Any CPU
		{10AEAD61-2F40-43E9-86FA-08CF87A8A1E6}.AppStore|iPhoneSimulator.ActiveCfg = Release|Any CPU
		{10AEAD61-2F40-43E9-86FA-08CF87A8A1E6}.AppStore|iPhoneSimulator.Build.0 = Release|Any CPU
		{10AEAD61-2F40-43E9-86FA-08CF87A8A1E6}.AppStore|iPhoneSimulator.Deploy.0 = Release|Any CPU
		{10AEAD61-2F40-43E9-86FA-08CF87A8A1E6}.AppStore|x64.ActiveCfg = Release|Any CPU
		{10AEAD61-2F40-43E9-86FA-08CF87A8A1E6}.AppStore|x64.Build.0 = Release|Any CPU
		{10AEAD61-2F40-43E9-86FA-08CF87A8A1E6}.AppStore|x64.Deploy.0 = Release|Any CPU
		{10AEAD61-2F40-43E9-86FA-08CF87A8A1E6}.AppStore|x86.ActiveCfg = Release|Any CPU
		{10AEAD61-2F40-43E9-86FA-08CF87A8A1E6}.AppStore|x86.Build.0 = Release|Any CPU
		{10AEAD61-2F40-43E9-86FA-08CF87A8A1E6}.AppStore|x86.Deploy.0 = Release|Any CPU
		{10AEAD61-2F40-43E9-86FA-08CF87A8A1E6}.Debug|Any CPU.ActiveCfg = Debug|Any CPU
		{10AEAD61-2F40-43E9-86FA-08CF87A8A1E6}.Debug|Any CPU.Build.0 = Debug|Any CPU
		{10AEAD61-2F40-43E9-86FA-08CF87A8A1E6}.Debug|Any CPU.Deploy.0 = Debug|Any CPU
		{10AEAD61-2F40-43E9-86FA-08CF87A8A1E6}.Debug|ARM.ActiveCfg = Debug|Any CPU
		{10AEAD61-2F40-43E9-86FA-08CF87A8A1E6}.Debug|ARM.Build.0 = Debug|Any CPU
		{10AEAD61-2F40-43E9-86FA-08CF87A8A1E6}.Debug|ARM.Deploy.0 = Debug|Any CPU
		{10AEAD61-2F40-43E9-86FA-08CF87A8A1E6}.Debug|iPhone.ActiveCfg = Debug|Any CPU
		{10AEAD61-2F40-43E9-86FA-08CF87A8A1E6}.Debug|iPhone.Build.0 = Debug|Any CPU
		{10AEAD61-2F40-43E9-86FA-08CF87A8A1E6}.Debug|iPhone.Deploy.0 = Debug|Any CPU
		{10AEAD61-2F40-43E9-86FA-08CF87A8A1E6}.Debug|iPhoneSimulator.ActiveCfg = Debug|Any CPU
		{10AEAD61-2F40-43E9-86FA-08CF87A8A1E6}.Debug|iPhoneSimulator.Build.0 = Debug|Any CPU
		{10AEAD61-2F40-43E9-86FA-08CF87A8A1E6}.Debug|iPhoneSimulator.Deploy.0 = Debug|Any CPU
		{10AEAD61-2F40-43E9-86FA-08CF87A8A1E6}.Debug|x64.ActiveCfg = Debug|Any CPU
		{10AEAD61-2F40-43E9-86FA-08CF87A8A1E6}.Debug|x64.Build.0 = Debug|Any CPU
		{10AEAD61-2F40-43E9-86FA-08CF87A8A1E6}.Debug|x64.Deploy.0 = Debug|Any CPU
		{10AEAD61-2F40-43E9-86FA-08CF87A8A1E6}.Debug|x86.ActiveCfg = Debug|Any CPU
		{10AEAD61-2F40-43E9-86FA-08CF87A8A1E6}.Debug|x86.Build.0 = Debug|Any CPU
		{10AEAD61-2F40-43E9-86FA-08CF87A8A1E6}.Debug|x86.Deploy.0 = Debug|Any CPU
		{10AEAD61-2F40-43E9-86FA-08CF87A8A1E6}.Release|Any CPU.ActiveCfg = Release|Any CPU
		{10AEAD61-2F40-43E9-86FA-08CF87A8A1E6}.Release|Any CPU.Build.0 = Release|Any CPU
		{10AEAD61-2F40-43E9-86FA-08CF87A8A1E6}.Release|Any CPU.Deploy.0 = Release|Any CPU
		{10AEAD61-2F40-43E9-86FA-08CF87A8A1E6}.Release|ARM.ActiveCfg = Release|Any CPU
		{10AEAD61-2F40-43E9-86FA-08CF87A8A1E6}.Release|ARM.Build.0 = Release|Any CPU
		{10AEAD61-2F40-43E9-86FA-08CF87A8A1E6}.Release|ARM.Deploy.0 = Release|Any CPU
		{10AEAD61-2F40-43E9-86FA-08CF87A8A1E6}.Release|iPhone.ActiveCfg = Release|Any CPU
		{10AEAD61-2F40-43E9-86FA-08CF87A8A1E6}.Release|iPhone.Build.0 = Release|Any CPU
		{10AEAD61-2F40-43E9-86FA-08CF87A8A1E6}.Release|iPhone.Deploy.0 = Release|Any CPU
		{10AEAD61-2F40-43E9-86FA-08CF87A8A1E6}.Release|iPhoneSimulator.ActiveCfg = Release|Any CPU
		{10AEAD61-2F40-43E9-86FA-08CF87A8A1E6}.Release|iPhoneSimulator.Build.0 = Release|Any CPU
		{10AEAD61-2F40-43E9-86FA-08CF87A8A1E6}.Release|iPhoneSimulator.Deploy.0 = Release|Any CPU
		{10AEAD61-2F40-43E9-86FA-08CF87A8A1E6}.Release|x64.ActiveCfg = Release|Any CPU
		{10AEAD61-2F40-43E9-86FA-08CF87A8A1E6}.Release|x64.Build.0 = Release|Any CPU
		{10AEAD61-2F40-43E9-86FA-08CF87A8A1E6}.Release|x64.Deploy.0 = Release|Any CPU
		{10AEAD61-2F40-43E9-86FA-08CF87A8A1E6}.Release|x86.ActiveCfg = Release|Any CPU
		{10AEAD61-2F40-43E9-86FA-08CF87A8A1E6}.Release|x86.Build.0 = Release|Any CPU
		{10AEAD61-2F40-43E9-86FA-08CF87A8A1E6}.Release|x86.Deploy.0 = Release|Any CPU
		{E80EC64C-4720-4C7E-BE3B-DB36A3A74EF9}.Ad-Hoc|Any CPU.ActiveCfg = Release|x86
		{E80EC64C-4720-4C7E-BE3B-DB36A3A74EF9}.Ad-Hoc|Any CPU.Build.0 = Release|x86
		{E80EC64C-4720-4C7E-BE3B-DB36A3A74EF9}.Ad-Hoc|Any CPU.Deploy.0 = Release|x86
		{E80EC64C-4720-4C7E-BE3B-DB36A3A74EF9}.Ad-Hoc|ARM.ActiveCfg = Release|ARM
		{E80EC64C-4720-4C7E-BE3B-DB36A3A74EF9}.Ad-Hoc|ARM.Build.0 = Release|ARM
		{E80EC64C-4720-4C7E-BE3B-DB36A3A74EF9}.Ad-Hoc|ARM.Deploy.0 = Release|ARM
		{E80EC64C-4720-4C7E-BE3B-DB36A3A74EF9}.Ad-Hoc|iPhone.ActiveCfg = Release|x86
		{E80EC64C-4720-4C7E-BE3B-DB36A3A74EF9}.Ad-Hoc|iPhone.Build.0 = Release|x86
		{E80EC64C-4720-4C7E-BE3B-DB36A3A74EF9}.Ad-Hoc|iPhone.Deploy.0 = Release|x86
		{E80EC64C-4720-4C7E-BE3B-DB36A3A74EF9}.Ad-Hoc|iPhoneSimulator.ActiveCfg = Release|x86
		{E80EC64C-4720-4C7E-BE3B-DB36A3A74EF9}.Ad-Hoc|iPhoneSimulator.Build.0 = Release|x86
		{E80EC64C-4720-4C7E-BE3B-DB36A3A74EF9}.Ad-Hoc|iPhoneSimulator.Deploy.0 = Release|x86
		{E80EC64C-4720-4C7E-BE3B-DB36A3A74EF9}.Ad-Hoc|x64.ActiveCfg = Release|x64
		{E80EC64C-4720-4C7E-BE3B-DB36A3A74EF9}.Ad-Hoc|x64.Build.0 = Release|x64
		{E80EC64C-4720-4C7E-BE3B-DB36A3A74EF9}.Ad-Hoc|x64.Deploy.0 = Release|x64
		{E80EC64C-4720-4C7E-BE3B-DB36A3A74EF9}.Ad-Hoc|x86.ActiveCfg = Release|x86
		{E80EC64C-4720-4C7E-BE3B-DB36A3A74EF9}.Ad-Hoc|x86.Build.0 = Release|x86
		{E80EC64C-4720-4C7E-BE3B-DB36A3A74EF9}.Ad-Hoc|x86.Deploy.0 = Release|x86
		{E80EC64C-4720-4C7E-BE3B-DB36A3A74EF9}.AppStore|Any CPU.ActiveCfg = Release|x86
		{E80EC64C-4720-4C7E-BE3B-DB36A3A74EF9}.AppStore|Any CPU.Build.0 = Release|x86
		{E80EC64C-4720-4C7E-BE3B-DB36A3A74EF9}.AppStore|Any CPU.Deploy.0 = Release|x86
		{E80EC64C-4720-4C7E-BE3B-DB36A3A74EF9}.AppStore|ARM.ActiveCfg = Release|ARM
		{E80EC64C-4720-4C7E-BE3B-DB36A3A74EF9}.AppStore|ARM.Build.0 = Release|ARM
		{E80EC64C-4720-4C7E-BE3B-DB36A3A74EF9}.AppStore|ARM.Deploy.0 = Release|ARM
		{E80EC64C-4720-4C7E-BE3B-DB36A3A74EF9}.AppStore|iPhone.ActiveCfg = Release|x86
		{E80EC64C-4720-4C7E-BE3B-DB36A3A74EF9}.AppStore|iPhone.Build.0 = Release|x86
		{E80EC64C-4720-4C7E-BE3B-DB36A3A74EF9}.AppStore|iPhone.Deploy.0 = Release|x86
		{E80EC64C-4720-4C7E-BE3B-DB36A3A74EF9}.AppStore|iPhoneSimulator.ActiveCfg = Release|x86
		{E80EC64C-4720-4C7E-BE3B-DB36A3A74EF9}.AppStore|iPhoneSimulator.Build.0 = Release|x86
		{E80EC64C-4720-4C7E-BE3B-DB36A3A74EF9}.AppStore|iPhoneSimulator.Deploy.0 = Release|x86
		{E80EC64C-4720-4C7E-BE3B-DB36A3A74EF9}.AppStore|x64.ActiveCfg = Release|x64
		{E80EC64C-4720-4C7E-BE3B-DB36A3A74EF9}.AppStore|x64.Build.0 = Release|x64
		{E80EC64C-4720-4C7E-BE3B-DB36A3A74EF9}.AppStore|x64.Deploy.0 = Release|x64
		{E80EC64C-4720-4C7E-BE3B-DB36A3A74EF9}.AppStore|x86.ActiveCfg = Release|x86
		{E80EC64C-4720-4C7E-BE3B-DB36A3A74EF9}.AppStore|x86.Build.0 = Release|x86
		{E80EC64C-4720-4C7E-BE3B-DB36A3A74EF9}.AppStore|x86.Deploy.0 = Release|x86
		{E80EC64C-4720-4C7E-BE3B-DB36A3A74EF9}.Debug|Any CPU.ActiveCfg = Debug|x86
		{E80EC64C-4720-4C7E-BE3B-DB36A3A74EF9}.Debug|ARM.ActiveCfg = Debug|ARM
		{E80EC64C-4720-4C7E-BE3B-DB36A3A74EF9}.Debug|ARM.Build.0 = Debug|ARM
		{E80EC64C-4720-4C7E-BE3B-DB36A3A74EF9}.Debug|ARM.Deploy.0 = Debug|ARM
		{E80EC64C-4720-4C7E-BE3B-DB36A3A74EF9}.Debug|iPhone.ActiveCfg = Debug|x86
		{E80EC64C-4720-4C7E-BE3B-DB36A3A74EF9}.Debug|iPhoneSimulator.ActiveCfg = Debug|x86
		{E80EC64C-4720-4C7E-BE3B-DB36A3A74EF9}.Debug|x64.ActiveCfg = Debug|x64
		{E80EC64C-4720-4C7E-BE3B-DB36A3A74EF9}.Debug|x64.Build.0 = Debug|x64
		{E80EC64C-4720-4C7E-BE3B-DB36A3A74EF9}.Debug|x64.Deploy.0 = Debug|x64
		{E80EC64C-4720-4C7E-BE3B-DB36A3A74EF9}.Debug|x86.ActiveCfg = Debug|x86
		{E80EC64C-4720-4C7E-BE3B-DB36A3A74EF9}.Debug|x86.Build.0 = Debug|x86
		{E80EC64C-4720-4C7E-BE3B-DB36A3A74EF9}.Debug|x86.Deploy.0 = Debug|x86
		{E80EC64C-4720-4C7E-BE3B-DB36A3A74EF9}.Release|Any CPU.ActiveCfg = Release|x86
		{E80EC64C-4720-4C7E-BE3B-DB36A3A74EF9}.Release|ARM.ActiveCfg = Release|ARM
		{E80EC64C-4720-4C7E-BE3B-DB36A3A74EF9}.Release|ARM.Build.0 = Release|ARM
		{E80EC64C-4720-4C7E-BE3B-DB36A3A74EF9}.Release|ARM.Deploy.0 = Release|ARM
		{E80EC64C-4720-4C7E-BE3B-DB36A3A74EF9}.Release|iPhone.ActiveCfg = Release|x86
		{E80EC64C-4720-4C7E-BE3B-DB36A3A74EF9}.Release|iPhoneSimulator.ActiveCfg = Release|x86
		{E80EC64C-4720-4C7E-BE3B-DB36A3A74EF9}.Release|x64.ActiveCfg = Release|x64
		{E80EC64C-4720-4C7E-BE3B-DB36A3A74EF9}.Release|x64.Build.0 = Release|x64
		{E80EC64C-4720-4C7E-BE3B-DB36A3A74EF9}.Release|x64.Deploy.0 = Release|x64
		{E80EC64C-4720-4C7E-BE3B-DB36A3A74EF9}.Release|x86.ActiveCfg = Release|x86
		{E80EC64C-4720-4C7E-BE3B-DB36A3A74EF9}.Release|x86.Build.0 = Release|x86
		{E80EC64C-4720-4C7E-BE3B-DB36A3A74EF9}.Release|x86.Deploy.0 = Release|x86
		{E70C6DB8-A479-440A-9AF4-51D4216CA3DF}.Ad-Hoc|Any CPU.ActiveCfg = Ad-Hoc|iPhone
		{E70C6DB8-A479-440A-9AF4-51D4216CA3DF}.Ad-Hoc|ARM.ActiveCfg = Ad-Hoc|iPhone
		{E70C6DB8-A479-440A-9AF4-51D4216CA3DF}.Ad-Hoc|iPhone.ActiveCfg = Ad-Hoc|iPhone
		{E70C6DB8-A479-440A-9AF4-51D4216CA3DF}.Ad-Hoc|iPhone.Build.0 = Ad-Hoc|iPhone
		{E70C6DB8-A479-440A-9AF4-51D4216CA3DF}.Ad-Hoc|iPhoneSimulator.ActiveCfg = Ad-Hoc|iPhoneSimulator
		{E70C6DB8-A479-440A-9AF4-51D4216CA3DF}.Ad-Hoc|iPhoneSimulator.Build.0 = Ad-Hoc|iPhoneSimulator
		{E70C6DB8-A479-440A-9AF4-51D4216CA3DF}.Ad-Hoc|x64.ActiveCfg = Ad-Hoc|iPhone
		{E70C6DB8-A479-440A-9AF4-51D4216CA3DF}.Ad-Hoc|x86.ActiveCfg = Ad-Hoc|iPhone
		{E70C6DB8-A479-440A-9AF4-51D4216CA3DF}.AppStore|Any CPU.ActiveCfg = AppStore|iPhone
		{E70C6DB8-A479-440A-9AF4-51D4216CA3DF}.AppStore|ARM.ActiveCfg = AppStore|iPhone
		{E70C6DB8-A479-440A-9AF4-51D4216CA3DF}.AppStore|iPhone.ActiveCfg = AppStore|iPhone
		{E70C6DB8-A479-440A-9AF4-51D4216CA3DF}.AppStore|iPhone.Build.0 = AppStore|iPhone
		{E70C6DB8-A479-440A-9AF4-51D4216CA3DF}.AppStore|iPhoneSimulator.ActiveCfg = AppStore|iPhoneSimulator
		{E70C6DB8-A479-440A-9AF4-51D4216CA3DF}.AppStore|iPhoneSimulator.Build.0 = AppStore|iPhoneSimulator
		{E70C6DB8-A479-440A-9AF4-51D4216CA3DF}.AppStore|x64.ActiveCfg = AppStore|iPhone
		{E70C6DB8-A479-440A-9AF4-51D4216CA3DF}.AppStore|x86.ActiveCfg = AppStore|iPhone
		{E70C6DB8-A479-440A-9AF4-51D4216CA3DF}.Debug|Any CPU.ActiveCfg = Debug|iPhone
		{E70C6DB8-A479-440A-9AF4-51D4216CA3DF}.Debug|ARM.ActiveCfg = Debug|iPhone
		{E70C6DB8-A479-440A-9AF4-51D4216CA3DF}.Debug|iPhone.ActiveCfg = Debug|iPhone
		{E70C6DB8-A479-440A-9AF4-51D4216CA3DF}.Debug|iPhone.Build.0 = Debug|iPhone
		{E70C6DB8-A479-440A-9AF4-51D4216CA3DF}.Debug|iPhoneSimulator.ActiveCfg = Debug|iPhoneSimulator
		{E70C6DB8-A479-440A-9AF4-51D4216CA3DF}.Debug|iPhoneSimulator.Build.0 = Debug|iPhoneSimulator
		{E70C6DB8-A479-440A-9AF4-51D4216CA3DF}.Debug|x64.ActiveCfg = Debug|iPhone
		{E70C6DB8-A479-440A-9AF4-51D4216CA3DF}.Debug|x86.ActiveCfg = Debug|iPhone
		{E70C6DB8-A479-440A-9AF4-51D4216CA3DF}.Release|Any CPU.ActiveCfg = Release|iPhone
		{E70C6DB8-A479-440A-9AF4-51D4216CA3DF}.Release|ARM.ActiveCfg = Release|iPhone
		{E70C6DB8-A479-440A-9AF4-51D4216CA3DF}.Release|iPhone.ActiveCfg = Release|iPhone
		{E70C6DB8-A479-440A-9AF4-51D4216CA3DF}.Release|iPhone.Build.0 = Release|iPhone
		{E70C6DB8-A479-440A-9AF4-51D4216CA3DF}.Release|iPhoneSimulator.ActiveCfg = Release|iPhoneSimulator
		{E70C6DB8-A479-440A-9AF4-51D4216CA3DF}.Release|iPhoneSimulator.Build.0 = Release|iPhoneSimulator
		{E70C6DB8-A479-440A-9AF4-51D4216CA3DF}.Release|x64.ActiveCfg = Release|iPhone
		{E70C6DB8-A479-440A-9AF4-51D4216CA3DF}.Release|x86.ActiveCfg = Release|iPhone
		{6ED68C5A-58CB-42AB-B26C-3CA1C2604215}.Ad-Hoc|Any CPU.ActiveCfg = Debug|Any CPU
		{6ED68C5A-58CB-42AB-B26C-3CA1C2604215}.Ad-Hoc|Any CPU.Build.0 = Debug|Any CPU
		{6ED68C5A-58CB-42AB-B26C-3CA1C2604215}.Ad-Hoc|ARM.ActiveCfg = Debug|Any CPU
		{6ED68C5A-58CB-42AB-B26C-3CA1C2604215}.Ad-Hoc|ARM.Build.0 = Debug|Any CPU
		{6ED68C5A-58CB-42AB-B26C-3CA1C2604215}.Ad-Hoc|iPhone.ActiveCfg = Debug|Any CPU
		{6ED68C5A-58CB-42AB-B26C-3CA1C2604215}.Ad-Hoc|iPhone.Build.0 = Debug|Any CPU
		{6ED68C5A-58CB-42AB-B26C-3CA1C2604215}.Ad-Hoc|iPhoneSimulator.ActiveCfg = Debug|Any CPU
		{6ED68C5A-58CB-42AB-B26C-3CA1C2604215}.Ad-Hoc|iPhoneSimulator.Build.0 = Debug|Any CPU
		{6ED68C5A-58CB-42AB-B26C-3CA1C2604215}.Ad-Hoc|x64.ActiveCfg = Debug|Any CPU
		{6ED68C5A-58CB-42AB-B26C-3CA1C2604215}.Ad-Hoc|x64.Build.0 = Debug|Any CPU
		{6ED68C5A-58CB-42AB-B26C-3CA1C2604215}.Ad-Hoc|x86.ActiveCfg = Debug|Any CPU
		{6ED68C5A-58CB-42AB-B26C-3CA1C2604215}.Ad-Hoc|x86.Build.0 = Debug|Any CPU
		{6ED68C5A-58CB-42AB-B26C-3CA1C2604215}.AppStore|Any CPU.ActiveCfg = Debug|Any CPU
		{6ED68C5A-58CB-42AB-B26C-3CA1C2604215}.AppStore|Any CPU.Build.0 = Debug|Any CPU
		{6ED68C5A-58CB-42AB-B26C-3CA1C2604215}.AppStore|ARM.ActiveCfg = Debug|Any CPU
		{6ED68C5A-58CB-42AB-B26C-3CA1C2604215}.AppStore|ARM.Build.0 = Debug|Any CPU
		{6ED68C5A-58CB-42AB-B26C-3CA1C2604215}.AppStore|iPhone.ActiveCfg = Debug|Any CPU
		{6ED68C5A-58CB-42AB-B26C-3CA1C2604215}.AppStore|iPhone.Build.0 = Debug|Any CPU
		{6ED68C5A-58CB-42AB-B26C-3CA1C2604215}.AppStore|iPhoneSimulator.ActiveCfg = Debug|Any CPU
		{6ED68C5A-58CB-42AB-B26C-3CA1C2604215}.AppStore|iPhoneSimulator.Build.0 = Debug|Any CPU
		{6ED68C5A-58CB-42AB-B26C-3CA1C2604215}.AppStore|x64.ActiveCfg = Debug|Any CPU
		{6ED68C5A-58CB-42AB-B26C-3CA1C2604215}.AppStore|x64.Build.0 = Debug|Any CPU
		{6ED68C5A-58CB-42AB-B26C-3CA1C2604215}.AppStore|x86.ActiveCfg = Debug|Any CPU
		{6ED68C5A-58CB-42AB-B26C-3CA1C2604215}.AppStore|x86.Build.0 = Debug|Any CPU
		{6ED68C5A-58CB-42AB-B26C-3CA1C2604215}.Debug|Any CPU.ActiveCfg = Debug|Any CPU
		{6ED68C5A-58CB-42AB-B26C-3CA1C2604215}.Debug|Any CPU.Build.0 = Debug|Any CPU
		{6ED68C5A-58CB-42AB-B26C-3CA1C2604215}.Debug|ARM.ActiveCfg = Debug|Any CPU
		{6ED68C5A-58CB-42AB-B26C-3CA1C2604215}.Debug|ARM.Build.0 = Debug|Any CPU
		{6ED68C5A-58CB-42AB-B26C-3CA1C2604215}.Debug|iPhone.ActiveCfg = Debug|Any CPU
		{6ED68C5A-58CB-42AB-B26C-3CA1C2604215}.Debug|iPhone.Build.0 = Debug|Any CPU
		{6ED68C5A-58CB-42AB-B26C-3CA1C2604215}.Debug|iPhoneSimulator.ActiveCfg = Debug|Any CPU
		{6ED68C5A-58CB-42AB-B26C-3CA1C2604215}.Debug|iPhoneSimulator.Build.0 = Debug|Any CPU
		{6ED68C5A-58CB-42AB-B26C-3CA1C2604215}.Debug|x64.ActiveCfg = Debug|Any CPU
		{6ED68C5A-58CB-42AB-B26C-3CA1C2604215}.Debug|x64.Build.0 = Debug|Any CPU
		{6ED68C5A-58CB-42AB-B26C-3CA1C2604215}.Debug|x86.ActiveCfg = Debug|Any CPU
		{6ED68C5A-58CB-42AB-B26C-3CA1C2604215}.Debug|x86.Build.0 = Debug|Any CPU
		{6ED68C5A-58CB-42AB-B26C-3CA1C2604215}.Release|Any CPU.ActiveCfg = Release|Any CPU
		{6ED68C5A-58CB-42AB-B26C-3CA1C2604215}.Release|Any CPU.Build.0 = Release|Any CPU
		{6ED68C5A-58CB-42AB-B26C-3CA1C2604215}.Release|ARM.ActiveCfg = Release|Any CPU
		{6ED68C5A-58CB-42AB-B26C-3CA1C2604215}.Release|ARM.Build.0 = Release|Any CPU
		{6ED68C5A-58CB-42AB-B26C-3CA1C2604215}.Release|iPhone.ActiveCfg = Release|Any CPU
		{6ED68C5A-58CB-42AB-B26C-3CA1C2604215}.Release|iPhone.Build.0 = Release|Any CPU
		{6ED68C5A-58CB-42AB-B26C-3CA1C2604215}.Release|iPhoneSimulator.ActiveCfg = Release|Any CPU
		{6ED68C5A-58CB-42AB-B26C-3CA1C2604215}.Release|iPhoneSimulator.Build.0 = Release|Any CPU
		{6ED68C5A-58CB-42AB-B26C-3CA1C2604215}.Release|x64.ActiveCfg = Release|Any CPU
		{6ED68C5A-58CB-42AB-B26C-3CA1C2604215}.Release|x64.Build.0 = Release|Any CPU
		{6ED68C5A-58CB-42AB-B26C-3CA1C2604215}.Release|x86.ActiveCfg = Release|Any CPU
		{6ED68C5A-58CB-42AB-B26C-3CA1C2604215}.Release|x86.Build.0 = Release|Any CPU
		{4497E1FA-9184-4263-821C-C17A96434271}.Ad-Hoc|Any CPU.ActiveCfg = Debug|Any CPU
		{4497E1FA-9184-4263-821C-C17A96434271}.Ad-Hoc|Any CPU.Build.0 = Debug|Any CPU
		{4497E1FA-9184-4263-821C-C17A96434271}.Ad-Hoc|ARM.ActiveCfg = Debug|Any CPU
		{4497E1FA-9184-4263-821C-C17A96434271}.Ad-Hoc|ARM.Build.0 = Debug|Any CPU
		{4497E1FA-9184-4263-821C-C17A96434271}.Ad-Hoc|iPhone.ActiveCfg = Debug|Any CPU
		{4497E1FA-9184-4263-821C-C17A96434271}.Ad-Hoc|iPhone.Build.0 = Debug|Any CPU
		{4497E1FA-9184-4263-821C-C17A96434271}.Ad-Hoc|iPhoneSimulator.ActiveCfg = Debug|Any CPU
		{4497E1FA-9184-4263-821C-C17A96434271}.Ad-Hoc|iPhoneSimulator.Build.0 = Debug|Any CPU
		{4497E1FA-9184-4263-821C-C17A96434271}.Ad-Hoc|x64.ActiveCfg = Debug|Any CPU
		{4497E1FA-9184-4263-821C-C17A96434271}.Ad-Hoc|x64.Build.0 = Debug|Any CPU
		{4497E1FA-9184-4263-821C-C17A96434271}.Ad-Hoc|x86.ActiveCfg = Debug|Any CPU
		{4497E1FA-9184-4263-821C-C17A96434271}.Ad-Hoc|x86.Build.0 = Debug|Any CPU
		{4497E1FA-9184-4263-821C-C17A96434271}.AppStore|Any CPU.ActiveCfg = Debug|Any CPU
		{4497E1FA-9184-4263-821C-C17A96434271}.AppStore|Any CPU.Build.0 = Debug|Any CPU
		{4497E1FA-9184-4263-821C-C17A96434271}.AppStore|ARM.ActiveCfg = Debug|Any CPU
		{4497E1FA-9184-4263-821C-C17A96434271}.AppStore|ARM.Build.0 = Debug|Any CPU
		{4497E1FA-9184-4263-821C-C17A96434271}.AppStore|iPhone.ActiveCfg = Debug|Any CPU
		{4497E1FA-9184-4263-821C-C17A96434271}.AppStore|iPhone.Build.0 = Debug|Any CPU
		{4497E1FA-9184-4263-821C-C17A96434271}.AppStore|iPhoneSimulator.ActiveCfg = Debug|Any CPU
		{4497E1FA-9184-4263-821C-C17A96434271}.AppStore|iPhoneSimulator.Build.0 = Debug|Any CPU
		{4497E1FA-9184-4263-821C-C17A96434271}.AppStore|x64.ActiveCfg = Debug|Any CPU
		{4497E1FA-9184-4263-821C-C17A96434271}.AppStore|x64.Build.0 = Debug|Any CPU
		{4497E1FA-9184-4263-821C-C17A96434271}.AppStore|x86.ActiveCfg = Debug|Any CPU
		{4497E1FA-9184-4263-821C-C17A96434271}.AppStore|x86.Build.0 = Debug|Any CPU
		{4497E1FA-9184-4263-821C-C17A96434271}.Debug|Any CPU.ActiveCfg = Debug|Any CPU
		{4497E1FA-9184-4263-821C-C17A96434271}.Debug|Any CPU.Build.0 = Debug|Any CPU
		{4497E1FA-9184-4263-821C-C17A96434271}.Debug|ARM.ActiveCfg = Debug|Any CPU
		{4497E1FA-9184-4263-821C-C17A96434271}.Debug|ARM.Build.0 = Debug|Any CPU
		{4497E1FA-9184-4263-821C-C17A96434271}.Debug|iPhone.ActiveCfg = Debug|Any CPU
		{4497E1FA-9184-4263-821C-C17A96434271}.Debug|iPhone.Build.0 = Debug|Any CPU
		{4497E1FA-9184-4263-821C-C17A96434271}.Debug|iPhoneSimulator.ActiveCfg = Debug|Any CPU
		{4497E1FA-9184-4263-821C-C17A96434271}.Debug|iPhoneSimulator.Build.0 = Debug|Any CPU
		{4497E1FA-9184-4263-821C-C17A96434271}.Debug|x64.ActiveCfg = Debug|Any CPU
		{4497E1FA-9184-4263-821C-C17A96434271}.Debug|x64.Build.0 = Debug|Any CPU
		{4497E1FA-9184-4263-821C-C17A96434271}.Debug|x86.ActiveCfg = Debug|Any CPU
		{4497E1FA-9184-4263-821C-C17A96434271}.Debug|x86.Build.0 = Debug|Any CPU
		{4497E1FA-9184-4263-821C-C17A96434271}.Release|Any CPU.ActiveCfg = Release|Any CPU
		{4497E1FA-9184-4263-821C-C17A96434271}.Release|Any CPU.Build.0 = Release|Any CPU
		{4497E1FA-9184-4263-821C-C17A96434271}.Release|ARM.ActiveCfg = Release|Any CPU
		{4497E1FA-9184-4263-821C-C17A96434271}.Release|ARM.Build.0 = Release|Any CPU
		{4497E1FA-9184-4263-821C-C17A96434271}.Release|iPhone.ActiveCfg = Release|Any CPU
		{4497E1FA-9184-4263-821C-C17A96434271}.Release|iPhone.Build.0 = Release|Any CPU
		{4497E1FA-9184-4263-821C-C17A96434271}.Release|iPhoneSimulator.ActiveCfg = Release|Any CPU
		{4497E1FA-9184-4263-821C-C17A96434271}.Release|iPhoneSimulator.Build.0 = Release|Any CPU
		{4497E1FA-9184-4263-821C-C17A96434271}.Release|x64.ActiveCfg = Release|Any CPU
		{4497E1FA-9184-4263-821C-C17A96434271}.Release|x64.Build.0 = Release|Any CPU
		{4497E1FA-9184-4263-821C-C17A96434271}.Release|x86.ActiveCfg = Release|Any CPU
		{4497E1FA-9184-4263-821C-C17A96434271}.Release|x86.Build.0 = Release|Any CPU
		{87D5A064-B448-4928-BF17-41E37D971FC8}.Ad-Hoc|Any CPU.ActiveCfg = Debug|Any CPU
		{87D5A064-B448-4928-BF17-41E37D971FC8}.Ad-Hoc|Any CPU.Build.0 = Debug|Any CPU
		{87D5A064-B448-4928-BF17-41E37D971FC8}.Ad-Hoc|ARM.ActiveCfg = Debug|Any CPU
		{87D5A064-B448-4928-BF17-41E37D971FC8}.Ad-Hoc|ARM.Build.0 = Debug|Any CPU
		{87D5A064-B448-4928-BF17-41E37D971FC8}.Ad-Hoc|iPhone.ActiveCfg = Debug|Any CPU
		{87D5A064-B448-4928-BF17-41E37D971FC8}.Ad-Hoc|iPhone.Build.0 = Debug|Any CPU
		{87D5A064-B448-4928-BF17-41E37D971FC8}.Ad-Hoc|iPhoneSimulator.ActiveCfg = Debug|Any CPU
		{87D5A064-B448-4928-BF17-41E37D971FC8}.Ad-Hoc|iPhoneSimulator.Build.0 = Debug|Any CPU
		{87D5A064-B448-4928-BF17-41E37D971FC8}.Ad-Hoc|x64.ActiveCfg = Debug|Any CPU
		{87D5A064-B448-4928-BF17-41E37D971FC8}.Ad-Hoc|x64.Build.0 = Debug|Any CPU
		{87D5A064-B448-4928-BF17-41E37D971FC8}.Ad-Hoc|x86.ActiveCfg = Debug|Any CPU
		{87D5A064-B448-4928-BF17-41E37D971FC8}.Ad-Hoc|x86.Build.0 = Debug|Any CPU
		{87D5A064-B448-4928-BF17-41E37D971FC8}.AppStore|Any CPU.ActiveCfg = Debug|Any CPU
		{87D5A064-B448-4928-BF17-41E37D971FC8}.AppStore|Any CPU.Build.0 = Debug|Any CPU
		{87D5A064-B448-4928-BF17-41E37D971FC8}.AppStore|ARM.ActiveCfg = Debug|Any CPU
		{87D5A064-B448-4928-BF17-41E37D971FC8}.AppStore|ARM.Build.0 = Debug|Any CPU
		{87D5A064-B448-4928-BF17-41E37D971FC8}.AppStore|iPhone.ActiveCfg = Debug|Any CPU
		{87D5A064-B448-4928-BF17-41E37D971FC8}.AppStore|iPhone.Build.0 = Debug|Any CPU
		{87D5A064-B448-4928-BF17-41E37D971FC8}.AppStore|iPhoneSimulator.ActiveCfg = Debug|Any CPU
		{87D5A064-B448-4928-BF17-41E37D971FC8}.AppStore|iPhoneSimulator.Build.0 = Debug|Any CPU
		{87D5A064-B448-4928-BF17-41E37D971FC8}.AppStore|x64.ActiveCfg = Debug|Any CPU
		{87D5A064-B448-4928-BF17-41E37D971FC8}.AppStore|x64.Build.0 = Debug|Any CPU
		{87D5A064-B448-4928-BF17-41E37D971FC8}.AppStore|x86.ActiveCfg = Debug|Any CPU
		{87D5A064-B448-4928-BF17-41E37D971FC8}.AppStore|x86.Build.0 = Debug|Any CPU
		{87D5A064-B448-4928-BF17-41E37D971FC8}.Debug|Any CPU.ActiveCfg = Debug|Any CPU
		{87D5A064-B448-4928-BF17-41E37D971FC8}.Debug|Any CPU.Build.0 = Debug|Any CPU
		{87D5A064-B448-4928-BF17-41E37D971FC8}.Debug|ARM.ActiveCfg = Debug|Any CPU
		{87D5A064-B448-4928-BF17-41E37D971FC8}.Debug|ARM.Build.0 = Debug|Any CPU
		{87D5A064-B448-4928-BF17-41E37D971FC8}.Debug|iPhone.ActiveCfg = Debug|Any CPU
		{87D5A064-B448-4928-BF17-41E37D971FC8}.Debug|iPhone.Build.0 = Debug|Any CPU
		{87D5A064-B448-4928-BF17-41E37D971FC8}.Debug|iPhoneSimulator.ActiveCfg = Debug|Any CPU
		{87D5A064-B448-4928-BF17-41E37D971FC8}.Debug|iPhoneSimulator.Build.0 = Debug|Any CPU
		{87D5A064-B448-4928-BF17-41E37D971FC8}.Debug|x64.ActiveCfg = Debug|Any CPU
		{87D5A064-B448-4928-BF17-41E37D971FC8}.Debug|x64.Build.0 = Debug|Any CPU
		{87D5A064-B448-4928-BF17-41E37D971FC8}.Debug|x86.ActiveCfg = Debug|Any CPU
		{87D5A064-B448-4928-BF17-41E37D971FC8}.Debug|x86.Build.0 = Debug|Any CPU
		{87D5A064-B448-4928-BF17-41E37D971FC8}.Release|Any CPU.ActiveCfg = Release|Any CPU
		{87D5A064-B448-4928-BF17-41E37D971FC8}.Release|Any CPU.Build.0 = Release|Any CPU
		{87D5A064-B448-4928-BF17-41E37D971FC8}.Release|ARM.ActiveCfg = Release|Any CPU
		{87D5A064-B448-4928-BF17-41E37D971FC8}.Release|ARM.Build.0 = Release|Any CPU
		{87D5A064-B448-4928-BF17-41E37D971FC8}.Release|iPhone.ActiveCfg = Release|Any CPU
		{87D5A064-B448-4928-BF17-41E37D971FC8}.Release|iPhone.Build.0 = Release|Any CPU
		{87D5A064-B448-4928-BF17-41E37D971FC8}.Release|iPhoneSimulator.ActiveCfg = Release|Any CPU
		{87D5A064-B448-4928-BF17-41E37D971FC8}.Release|iPhoneSimulator.Build.0 = Release|Any CPU
		{87D5A064-B448-4928-BF17-41E37D971FC8}.Release|x64.ActiveCfg = Release|Any CPU
		{87D5A064-B448-4928-BF17-41E37D971FC8}.Release|x64.Build.0 = Release|Any CPU
		{87D5A064-B448-4928-BF17-41E37D971FC8}.Release|x86.ActiveCfg = Release|Any CPU
		{87D5A064-B448-4928-BF17-41E37D971FC8}.Release|x86.Build.0 = Release|Any CPU
		{0F784023-5948-46E1-B37F-A3FD01AA40EF}.Ad-Hoc|Any CPU.ActiveCfg = Release|Any CPU
		{0F784023-5948-46E1-B37F-A3FD01AA40EF}.Ad-Hoc|Any CPU.Build.0 = Release|Any CPU
		{0F784023-5948-46E1-B37F-A3FD01AA40EF}.Ad-Hoc|ARM.ActiveCfg = Release|Any CPU
		{0F784023-5948-46E1-B37F-A3FD01AA40EF}.Ad-Hoc|ARM.Build.0 = Release|Any CPU
		{0F784023-5948-46E1-B37F-A3FD01AA40EF}.Ad-Hoc|iPhone.ActiveCfg = Release|Any CPU
		{0F784023-5948-46E1-B37F-A3FD01AA40EF}.Ad-Hoc|iPhone.Build.0 = Release|Any CPU
		{0F784023-5948-46E1-B37F-A3FD01AA40EF}.Ad-Hoc|iPhoneSimulator.ActiveCfg = Release|Any CPU
		{0F784023-5948-46E1-B37F-A3FD01AA40EF}.Ad-Hoc|iPhoneSimulator.Build.0 = Release|Any CPU
		{0F784023-5948-46E1-B37F-A3FD01AA40EF}.Ad-Hoc|x64.ActiveCfg = Release|Any CPU
		{0F784023-5948-46E1-B37F-A3FD01AA40EF}.Ad-Hoc|x64.Build.0 = Release|Any CPU
		{0F784023-5948-46E1-B37F-A3FD01AA40EF}.Ad-Hoc|x86.ActiveCfg = Release|Any CPU
		{0F784023-5948-46E1-B37F-A3FD01AA40EF}.Ad-Hoc|x86.Build.0 = Release|Any CPU
		{0F784023-5948-46E1-B37F-A3FD01AA40EF}.AppStore|Any CPU.ActiveCfg = Release|Any CPU
		{0F784023-5948-46E1-B37F-A3FD01AA40EF}.AppStore|Any CPU.Build.0 = Release|Any CPU
		{0F784023-5948-46E1-B37F-A3FD01AA40EF}.AppStore|ARM.ActiveCfg = Release|Any CPU
		{0F784023-5948-46E1-B37F-A3FD01AA40EF}.AppStore|ARM.Build.0 = Release|Any CPU
		{0F784023-5948-46E1-B37F-A3FD01AA40EF}.AppStore|iPhone.ActiveCfg = Release|Any CPU
		{0F784023-5948-46E1-B37F-A3FD01AA40EF}.AppStore|iPhone.Build.0 = Release|Any CPU
		{0F784023-5948-46E1-B37F-A3FD01AA40EF}.AppStore|iPhoneSimulator.ActiveCfg = Release|Any CPU
		{0F784023-5948-46E1-B37F-A3FD01AA40EF}.AppStore|iPhoneSimulator.Build.0 = Release|Any CPU
		{0F784023-5948-46E1-B37F-A3FD01AA40EF}.AppStore|x64.ActiveCfg = Release|Any CPU
		{0F784023-5948-46E1-B37F-A3FD01AA40EF}.AppStore|x64.Build.0 = Release|Any CPU
		{0F784023-5948-46E1-B37F-A3FD01AA40EF}.AppStore|x86.ActiveCfg = Release|Any CPU
		{0F784023-5948-46E1-B37F-A3FD01AA40EF}.AppStore|x86.Build.0 = Release|Any CPU
		{0F784023-5948-46E1-B37F-A3FD01AA40EF}.Debug|Any CPU.ActiveCfg = Debug|Any CPU
		{0F784023-5948-46E1-B37F-A3FD01AA40EF}.Debug|Any CPU.Build.0 = Debug|Any CPU
		{0F784023-5948-46E1-B37F-A3FD01AA40EF}.Debug|ARM.ActiveCfg = Debug|Any CPU
		{0F784023-5948-46E1-B37F-A3FD01AA40EF}.Debug|ARM.Build.0 = Debug|Any CPU
		{0F784023-5948-46E1-B37F-A3FD01AA40EF}.Debug|iPhone.ActiveCfg = Debug|Any CPU
		{0F784023-5948-46E1-B37F-A3FD01AA40EF}.Debug|iPhone.Build.0 = Debug|Any CPU
		{0F784023-5948-46E1-B37F-A3FD01AA40EF}.Debug|iPhoneSimulator.ActiveCfg = Debug|Any CPU
		{0F784023-5948-46E1-B37F-A3FD01AA40EF}.Debug|iPhoneSimulator.Build.0 = Debug|Any CPU
		{0F784023-5948-46E1-B37F-A3FD01AA40EF}.Debug|x64.ActiveCfg = Debug|Any CPU
		{0F784023-5948-46E1-B37F-A3FD01AA40EF}.Debug|x64.Build.0 = Debug|Any CPU
		{0F784023-5948-46E1-B37F-A3FD01AA40EF}.Debug|x86.ActiveCfg = Debug|Any CPU
		{0F784023-5948-46E1-B37F-A3FD01AA40EF}.Debug|x86.Build.0 = Debug|Any CPU
		{0F784023-5948-46E1-B37F-A3FD01AA40EF}.Release|Any CPU.ActiveCfg = Release|Any CPU
		{0F784023-5948-46E1-B37F-A3FD01AA40EF}.Release|Any CPU.Build.0 = Release|Any CPU
		{0F784023-5948-46E1-B37F-A3FD01AA40EF}.Release|ARM.ActiveCfg = Release|Any CPU
		{0F784023-5948-46E1-B37F-A3FD01AA40EF}.Release|ARM.Build.0 = Release|Any CPU
		{0F784023-5948-46E1-B37F-A3FD01AA40EF}.Release|iPhone.ActiveCfg = Release|Any CPU
		{0F784023-5948-46E1-B37F-A3FD01AA40EF}.Release|iPhone.Build.0 = Release|Any CPU
		{0F784023-5948-46E1-B37F-A3FD01AA40EF}.Release|iPhoneSimulator.ActiveCfg = Release|Any CPU
		{0F784023-5948-46E1-B37F-A3FD01AA40EF}.Release|iPhoneSimulator.Build.0 = Release|Any CPU
		{0F784023-5948-46E1-B37F-A3FD01AA40EF}.Release|x64.ActiveCfg = Release|Any CPU
		{0F784023-5948-46E1-B37F-A3FD01AA40EF}.Release|x64.Build.0 = Release|Any CPU
		{0F784023-5948-46E1-B37F-A3FD01AA40EF}.Release|x86.ActiveCfg = Release|Any CPU
		{0F784023-5948-46E1-B37F-A3FD01AA40EF}.Release|x86.Build.0 = Release|Any CPU
		{F9D975B6-E79A-4014-89B5-82AB7FD86BAC}.Ad-Hoc|Any CPU.ActiveCfg = Debug|Any CPU
		{F9D975B6-E79A-4014-89B5-82AB7FD86BAC}.Ad-Hoc|Any CPU.Build.0 = Debug|Any CPU
		{F9D975B6-E79A-4014-89B5-82AB7FD86BAC}.Ad-Hoc|ARM.ActiveCfg = Debug|Any CPU
		{F9D975B6-E79A-4014-89B5-82AB7FD86BAC}.Ad-Hoc|ARM.Build.0 = Debug|Any CPU
		{F9D975B6-E79A-4014-89B5-82AB7FD86BAC}.Ad-Hoc|iPhone.ActiveCfg = Debug|Any CPU
		{F9D975B6-E79A-4014-89B5-82AB7FD86BAC}.Ad-Hoc|iPhone.Build.0 = Debug|Any CPU
		{F9D975B6-E79A-4014-89B5-82AB7FD86BAC}.Ad-Hoc|iPhoneSimulator.ActiveCfg = Debug|Any CPU
		{F9D975B6-E79A-4014-89B5-82AB7FD86BAC}.Ad-Hoc|iPhoneSimulator.Build.0 = Debug|Any CPU
		{F9D975B6-E79A-4014-89B5-82AB7FD86BAC}.Ad-Hoc|x64.ActiveCfg = Debug|Any CPU
		{F9D975B6-E79A-4014-89B5-82AB7FD86BAC}.Ad-Hoc|x64.Build.0 = Debug|Any CPU
		{F9D975B6-E79A-4014-89B5-82AB7FD86BAC}.Ad-Hoc|x86.ActiveCfg = Debug|Any CPU
		{F9D975B6-E79A-4014-89B5-82AB7FD86BAC}.Ad-Hoc|x86.Build.0 = Debug|Any CPU
		{F9D975B6-E79A-4014-89B5-82AB7FD86BAC}.AppStore|Any CPU.ActiveCfg = Debug|Any CPU
		{F9D975B6-E79A-4014-89B5-82AB7FD86BAC}.AppStore|Any CPU.Build.0 = Debug|Any CPU
		{F9D975B6-E79A-4014-89B5-82AB7FD86BAC}.AppStore|ARM.ActiveCfg = Debug|Any CPU
		{F9D975B6-E79A-4014-89B5-82AB7FD86BAC}.AppStore|ARM.Build.0 = Debug|Any CPU
		{F9D975B6-E79A-4014-89B5-82AB7FD86BAC}.AppStore|iPhone.ActiveCfg = Debug|Any CPU
		{F9D975B6-E79A-4014-89B5-82AB7FD86BAC}.AppStore|iPhone.Build.0 = Debug|Any CPU
		{F9D975B6-E79A-4014-89B5-82AB7FD86BAC}.AppStore|iPhoneSimulator.ActiveCfg = Debug|Any CPU
		{F9D975B6-E79A-4014-89B5-82AB7FD86BAC}.AppStore|iPhoneSimulator.Build.0 = Debug|Any CPU
		{F9D975B6-E79A-4014-89B5-82AB7FD86BAC}.AppStore|x64.ActiveCfg = Debug|Any CPU
		{F9D975B6-E79A-4014-89B5-82AB7FD86BAC}.AppStore|x64.Build.0 = Debug|Any CPU
		{F9D975B6-E79A-4014-89B5-82AB7FD86BAC}.AppStore|x86.ActiveCfg = Debug|Any CPU
		{F9D975B6-E79A-4014-89B5-82AB7FD86BAC}.AppStore|x86.Build.0 = Debug|Any CPU
		{F9D975B6-E79A-4014-89B5-82AB7FD86BAC}.Debug|Any CPU.ActiveCfg = Debug|Any CPU
		{F9D975B6-E79A-4014-89B5-82AB7FD86BAC}.Debug|Any CPU.Build.0 = Debug|Any CPU
		{F9D975B6-E79A-4014-89B5-82AB7FD86BAC}.Debug|ARM.ActiveCfg = Debug|Any CPU
		{F9D975B6-E79A-4014-89B5-82AB7FD86BAC}.Debug|ARM.Build.0 = Debug|Any CPU
		{F9D975B6-E79A-4014-89B5-82AB7FD86BAC}.Debug|iPhone.ActiveCfg = Debug|Any CPU
		{F9D975B6-E79A-4014-89B5-82AB7FD86BAC}.Debug|iPhone.Build.0 = Debug|Any CPU
		{F9D975B6-E79A-4014-89B5-82AB7FD86BAC}.Debug|iPhoneSimulator.ActiveCfg = Debug|Any CPU
		{F9D975B6-E79A-4014-89B5-82AB7FD86BAC}.Debug|iPhoneSimulator.Build.0 = Debug|Any CPU
		{F9D975B6-E79A-4014-89B5-82AB7FD86BAC}.Debug|x64.ActiveCfg = Debug|Any CPU
		{F9D975B6-E79A-4014-89B5-82AB7FD86BAC}.Debug|x64.Build.0 = Debug|Any CPU
		{F9D975B6-E79A-4014-89B5-82AB7FD86BAC}.Debug|x86.ActiveCfg = Debug|Any CPU
		{F9D975B6-E79A-4014-89B5-82AB7FD86BAC}.Debug|x86.Build.0 = Debug|Any CPU
		{F9D975B6-E79A-4014-89B5-82AB7FD86BAC}.Release|Any CPU.ActiveCfg = Release|Any CPU
		{F9D975B6-E79A-4014-89B5-82AB7FD86BAC}.Release|Any CPU.Build.0 = Release|Any CPU
		{F9D975B6-E79A-4014-89B5-82AB7FD86BAC}.Release|ARM.ActiveCfg = Release|Any CPU
		{F9D975B6-E79A-4014-89B5-82AB7FD86BAC}.Release|ARM.Build.0 = Release|Any CPU
		{F9D975B6-E79A-4014-89B5-82AB7FD86BAC}.Release|iPhone.ActiveCfg = Release|Any CPU
		{F9D975B6-E79A-4014-89B5-82AB7FD86BAC}.Release|iPhone.Build.0 = Release|Any CPU
		{F9D975B6-E79A-4014-89B5-82AB7FD86BAC}.Release|iPhoneSimulator.ActiveCfg = Release|Any CPU
		{F9D975B6-E79A-4014-89B5-82AB7FD86BAC}.Release|iPhoneSimulator.Build.0 = Release|Any CPU
		{F9D975B6-E79A-4014-89B5-82AB7FD86BAC}.Release|x64.ActiveCfg = Release|Any CPU
		{F9D975B6-E79A-4014-89B5-82AB7FD86BAC}.Release|x64.Build.0 = Release|Any CPU
		{F9D975B6-E79A-4014-89B5-82AB7FD86BAC}.Release|x86.ActiveCfg = Release|Any CPU
		{F9D975B6-E79A-4014-89B5-82AB7FD86BAC}.Release|x86.Build.0 = Release|Any CPU
		{57B215C8-4356-49E3-A09F-323419E40FC8}.Ad-Hoc|Any CPU.ActiveCfg = Release|Any CPU
		{57B215C8-4356-49E3-A09F-323419E40FC8}.Ad-Hoc|Any CPU.Build.0 = Release|Any CPU
		{57B215C8-4356-49E3-A09F-323419E40FC8}.Ad-Hoc|ARM.ActiveCfg = Release|Any CPU
		{57B215C8-4356-49E3-A09F-323419E40FC8}.Ad-Hoc|ARM.Build.0 = Release|Any CPU
		{57B215C8-4356-49E3-A09F-323419E40FC8}.Ad-Hoc|iPhone.ActiveCfg = Release|Any CPU
		{57B215C8-4356-49E3-A09F-323419E40FC8}.Ad-Hoc|iPhone.Build.0 = Release|Any CPU
		{57B215C8-4356-49E3-A09F-323419E40FC8}.Ad-Hoc|iPhoneSimulator.ActiveCfg = Release|Any CPU
		{57B215C8-4356-49E3-A09F-323419E40FC8}.Ad-Hoc|iPhoneSimulator.Build.0 = Release|Any CPU
		{57B215C8-4356-49E3-A09F-323419E40FC8}.Ad-Hoc|x64.ActiveCfg = Release|Any CPU
		{57B215C8-4356-49E3-A09F-323419E40FC8}.Ad-Hoc|x64.Build.0 = Release|Any CPU
		{57B215C8-4356-49E3-A09F-323419E40FC8}.Ad-Hoc|x86.ActiveCfg = Release|Any CPU
		{57B215C8-4356-49E3-A09F-323419E40FC8}.Ad-Hoc|x86.Build.0 = Release|Any CPU
		{57B215C8-4356-49E3-A09F-323419E40FC8}.AppStore|Any CPU.ActiveCfg = Release|Any CPU
		{57B215C8-4356-49E3-A09F-323419E40FC8}.AppStore|Any CPU.Build.0 = Release|Any CPU
		{57B215C8-4356-49E3-A09F-323419E40FC8}.AppStore|ARM.ActiveCfg = Release|Any CPU
		{57B215C8-4356-49E3-A09F-323419E40FC8}.AppStore|ARM.Build.0 = Release|Any CPU
		{57B215C8-4356-49E3-A09F-323419E40FC8}.AppStore|iPhone.ActiveCfg = Release|Any CPU
		{57B215C8-4356-49E3-A09F-323419E40FC8}.AppStore|iPhone.Build.0 = Release|Any CPU
		{57B215C8-4356-49E3-A09F-323419E40FC8}.AppStore|iPhoneSimulator.ActiveCfg = Release|Any CPU
		{57B215C8-4356-49E3-A09F-323419E40FC8}.AppStore|iPhoneSimulator.Build.0 = Release|Any CPU
		{57B215C8-4356-49E3-A09F-323419E40FC8}.AppStore|x64.ActiveCfg = Release|Any CPU
		{57B215C8-4356-49E3-A09F-323419E40FC8}.AppStore|x64.Build.0 = Release|Any CPU
		{57B215C8-4356-49E3-A09F-323419E40FC8}.AppStore|x86.ActiveCfg = Release|Any CPU
		{57B215C8-4356-49E3-A09F-323419E40FC8}.AppStore|x86.Build.0 = Release|Any CPU
		{57B215C8-4356-49E3-A09F-323419E40FC8}.Debug|Any CPU.ActiveCfg = Debug|Any CPU
		{57B215C8-4356-49E3-A09F-323419E40FC8}.Debug|Any CPU.Build.0 = Debug|Any CPU
		{57B215C8-4356-49E3-A09F-323419E40FC8}.Debug|ARM.ActiveCfg = Debug|Any CPU
		{57B215C8-4356-49E3-A09F-323419E40FC8}.Debug|ARM.Build.0 = Debug|Any CPU
		{57B215C8-4356-49E3-A09F-323419E40FC8}.Debug|iPhone.ActiveCfg = Debug|Any CPU
		{57B215C8-4356-49E3-A09F-323419E40FC8}.Debug|iPhone.Build.0 = Debug|Any CPU
		{57B215C8-4356-49E3-A09F-323419E40FC8}.Debug|iPhoneSimulator.ActiveCfg = Debug|Any CPU
		{57B215C8-4356-49E3-A09F-323419E40FC8}.Debug|iPhoneSimulator.Build.0 = Debug|Any CPU
		{57B215C8-4356-49E3-A09F-323419E40FC8}.Debug|x64.ActiveCfg = Debug|Any CPU
		{57B215C8-4356-49E3-A09F-323419E40FC8}.Debug|x64.Build.0 = Debug|Any CPU
		{57B215C8-4356-49E3-A09F-323419E40FC8}.Debug|x86.ActiveCfg = Debug|Any CPU
		{57B215C8-4356-49E3-A09F-323419E40FC8}.Debug|x86.Build.0 = Debug|Any CPU
		{57B215C8-4356-49E3-A09F-323419E40FC8}.Release|Any CPU.ActiveCfg = Release|Any CPU
		{57B215C8-4356-49E3-A09F-323419E40FC8}.Release|Any CPU.Build.0 = Release|Any CPU
		{57B215C8-4356-49E3-A09F-323419E40FC8}.Release|ARM.ActiveCfg = Release|Any CPU
		{57B215C8-4356-49E3-A09F-323419E40FC8}.Release|ARM.Build.0 = Release|Any CPU
		{57B215C8-4356-49E3-A09F-323419E40FC8}.Release|iPhone.ActiveCfg = Release|Any CPU
		{57B215C8-4356-49E3-A09F-323419E40FC8}.Release|iPhone.Build.0 = Release|Any CPU
		{57B215C8-4356-49E3-A09F-323419E40FC8}.Release|iPhoneSimulator.ActiveCfg = Release|Any CPU
		{57B215C8-4356-49E3-A09F-323419E40FC8}.Release|iPhoneSimulator.Build.0 = Release|Any CPU
		{57B215C8-4356-49E3-A09F-323419E40FC8}.Release|x64.ActiveCfg = Release|Any CPU
		{57B215C8-4356-49E3-A09F-323419E40FC8}.Release|x64.Build.0 = Release|Any CPU
		{57B215C8-4356-49E3-A09F-323419E40FC8}.Release|x86.ActiveCfg = Release|Any CPU
		{57B215C8-4356-49E3-A09F-323419E40FC8}.Release|x86.Build.0 = Release|Any CPU
		{75544DE9-1A7C-4813-96E1-4F59305EA519}.Ad-Hoc|Any CPU.ActiveCfg = Release|Any CPU
		{75544DE9-1A7C-4813-96E1-4F59305EA519}.Ad-Hoc|Any CPU.Build.0 = Release|Any CPU
		{75544DE9-1A7C-4813-96E1-4F59305EA519}.Ad-Hoc|ARM.ActiveCfg = Release|ARM
		{75544DE9-1A7C-4813-96E1-4F59305EA519}.Ad-Hoc|ARM.Build.0 = Release|ARM
		{75544DE9-1A7C-4813-96E1-4F59305EA519}.Ad-Hoc|iPhone.ActiveCfg = Release|Any CPU
		{75544DE9-1A7C-4813-96E1-4F59305EA519}.Ad-Hoc|iPhone.Build.0 = Release|Any CPU
		{75544DE9-1A7C-4813-96E1-4F59305EA519}.Ad-Hoc|iPhoneSimulator.ActiveCfg = Release|Any CPU
		{75544DE9-1A7C-4813-96E1-4F59305EA519}.Ad-Hoc|iPhoneSimulator.Build.0 = Release|Any CPU
		{75544DE9-1A7C-4813-96E1-4F59305EA519}.Ad-Hoc|x64.ActiveCfg = Release|x64
		{75544DE9-1A7C-4813-96E1-4F59305EA519}.Ad-Hoc|x64.Build.0 = Release|x64
		{75544DE9-1A7C-4813-96E1-4F59305EA519}.Ad-Hoc|x86.ActiveCfg = Release|x86
		{75544DE9-1A7C-4813-96E1-4F59305EA519}.Ad-Hoc|x86.Build.0 = Release|x86
		{75544DE9-1A7C-4813-96E1-4F59305EA519}.AppStore|Any CPU.ActiveCfg = Release|Any CPU
		{75544DE9-1A7C-4813-96E1-4F59305EA519}.AppStore|Any CPU.Build.0 = Release|Any CPU
		{75544DE9-1A7C-4813-96E1-4F59305EA519}.AppStore|ARM.ActiveCfg = Release|ARM
		{75544DE9-1A7C-4813-96E1-4F59305EA519}.AppStore|ARM.Build.0 = Release|ARM
		{75544DE9-1A7C-4813-96E1-4F59305EA519}.AppStore|iPhone.ActiveCfg = Release|Any CPU
		{75544DE9-1A7C-4813-96E1-4F59305EA519}.AppStore|iPhone.Build.0 = Release|Any CPU
		{75544DE9-1A7C-4813-96E1-4F59305EA519}.AppStore|iPhoneSimulator.ActiveCfg = Release|Any CPU
		{75544DE9-1A7C-4813-96E1-4F59305EA519}.AppStore|iPhoneSimulator.Build.0 = Release|Any CPU
		{75544DE9-1A7C-4813-96E1-4F59305EA519}.AppStore|x64.ActiveCfg = Release|x64
		{75544DE9-1A7C-4813-96E1-4F59305EA519}.AppStore|x64.Build.0 = Release|x64
		{75544DE9-1A7C-4813-96E1-4F59305EA519}.AppStore|x86.ActiveCfg = Release|x86
		{75544DE9-1A7C-4813-96E1-4F59305EA519}.AppStore|x86.Build.0 = Release|x86
		{75544DE9-1A7C-4813-96E1-4F59305EA519}.Debug|Any CPU.ActiveCfg = Debug|Any CPU
		{75544DE9-1A7C-4813-96E1-4F59305EA519}.Debug|Any CPU.Build.0 = Debug|Any CPU
		{75544DE9-1A7C-4813-96E1-4F59305EA519}.Debug|ARM.ActiveCfg = Debug|ARM
		{75544DE9-1A7C-4813-96E1-4F59305EA519}.Debug|ARM.Build.0 = Debug|ARM
		{75544DE9-1A7C-4813-96E1-4F59305EA519}.Debug|iPhone.ActiveCfg = Debug|Any CPU
		{75544DE9-1A7C-4813-96E1-4F59305EA519}.Debug|iPhone.Build.0 = Debug|Any CPU
		{75544DE9-1A7C-4813-96E1-4F59305EA519}.Debug|iPhoneSimulator.ActiveCfg = Debug|Any CPU
		{75544DE9-1A7C-4813-96E1-4F59305EA519}.Debug|iPhoneSimulator.Build.0 = Debug|Any CPU
		{75544DE9-1A7C-4813-96E1-4F59305EA519}.Debug|x64.ActiveCfg = Debug|x64
		{75544DE9-1A7C-4813-96E1-4F59305EA519}.Debug|x64.Build.0 = Debug|x64
		{75544DE9-1A7C-4813-96E1-4F59305EA519}.Debug|x86.ActiveCfg = Debug|x86
		{75544DE9-1A7C-4813-96E1-4F59305EA519}.Debug|x86.Build.0 = Debug|x86
		{75544DE9-1A7C-4813-96E1-4F59305EA519}.Release|Any CPU.ActiveCfg = Release|Any CPU
		{75544DE9-1A7C-4813-96E1-4F59305EA519}.Release|Any CPU.Build.0 = Release|Any CPU
		{75544DE9-1A7C-4813-96E1-4F59305EA519}.Release|ARM.ActiveCfg = Release|ARM
		{75544DE9-1A7C-4813-96E1-4F59305EA519}.Release|ARM.Build.0 = Release|ARM
		{75544DE9-1A7C-4813-96E1-4F59305EA519}.Release|iPhone.ActiveCfg = Release|Any CPU
		{75544DE9-1A7C-4813-96E1-4F59305EA519}.Release|iPhone.Build.0 = Release|Any CPU
		{75544DE9-1A7C-4813-96E1-4F59305EA519}.Release|iPhoneSimulator.ActiveCfg = Release|Any CPU
		{75544DE9-1A7C-4813-96E1-4F59305EA519}.Release|iPhoneSimulator.Build.0 = Release|Any CPU
		{75544DE9-1A7C-4813-96E1-4F59305EA519}.Release|x64.ActiveCfg = Release|x64
		{75544DE9-1A7C-4813-96E1-4F59305EA519}.Release|x64.Build.0 = Release|x64
		{75544DE9-1A7C-4813-96E1-4F59305EA519}.Release|x86.ActiveCfg = Release|x86
		{75544DE9-1A7C-4813-96E1-4F59305EA519}.Release|x86.Build.0 = Release|x86
	EndGlobalSection
	GlobalSection(SolutionProperties) = preSolution
		HideSolutionNode = FALSE
	EndGlobalSection
	GlobalSection(NestedProjects) = preSolution
		{10AEAD61-2F40-43E9-86FA-08CF87A8A1E6} = {421C6EF2-6167-411F-83A9-54C1780F36EA}
		{E80EC64C-4720-4C7E-BE3B-DB36A3A74EF9} = {421C6EF2-6167-411F-83A9-54C1780F36EA}
		{E70C6DB8-A479-440A-9AF4-51D4216CA3DF} = {421C6EF2-6167-411F-83A9-54C1780F36EA}
		{6ED68C5A-58CB-42AB-B26C-3CA1C2604215} = {421C6EF2-6167-411F-83A9-54C1780F36EA}
		{57B215C8-4356-49E3-A09F-323419E40FC8} = {C9A16782-3218-4467-B821-26A074CD4C1B}
		{F8D32957-3AFD-4146-B8DB-97B47B896D79} = {C9A16782-3218-4467-B821-26A074CD4C1B}
		{75544DE9-1A7C-4813-96E1-4F59305EA519} = {C9A16782-3218-4467-B821-26A074CD4C1B}
	EndGlobalSection
	GlobalSection(ExtensibilityGlobals) = postSolution
		SolutionGuid = {CF89D07F-16D2-438A-B57B-582F4177EC79}
	EndGlobalSection
EndGlobal
