
Microsoft Visual Studio Solution File, Format Version 12.00
# Visual Studio 15
VisualStudioVersion = 15.0.27130.2010
MinimumVisualStudioVersion = 10.0.40219.1
Project("{9A19103F-16F7-4668-BE54-9A1E7A4F7556}") = "Plugin.Beacons", "Plugin.Beacons\Plugin.Beacons.csproj", "{87D5A064-B448-4928-BF17-41E37D971FC8}"
EndProject
Project("{FAE04EC0-301F-11D3-BF4B-00C04F79EFBC}") = "Plugin.Beacons.Tests", "Plugin.Beacons.Tests\Plugin.Beacons.Tests.csproj", "{4E043AC9-18D8-4EF3-93D7-11B7ECD7B765}"
EndProject
Project("{2150E333-8FDC-42A3-9474-1A3956D46DE8}") = "Solution Items", "Solution Items", "{965C2008-6132-4923-87C0-55DAD339B594}"
	ProjectSection(SolutionItems) = preProject
		changelog.md = changelog.md
		ISSUE_TEMPLATE = ISSUE_TEMPLATE
		LICENSE.md = LICENSE.md
		nuget.exe = nuget.exe
		push.cmd = push.cmd
		readme.md = readme.md
	EndProjectSection
EndProject
Project("{FAE04EC0-301F-11D3-BF4B-00C04F79EFBC}") = "Sample.Android", "Sample\Sample.Android\Sample.Android.csproj", "{63F46B62-EC80-41A2-82AD-035D82981846}"
EndProject
Project("{FAE04EC0-301F-11D3-BF4B-00C04F79EFBC}") = "Sample.iOS", "Sample\Sample.iOS\Sample.iOS.csproj", "{58D9E9C7-A9C0-4895-AA34-F50C2D21C20C}"
EndProject
Project("{FAE04EC0-301F-11D3-BF4B-00C04F79EFBC}") = "Sample.UWP", "Sample\Sample.UWP\Sample.UWP.csproj", "{43EFF567-5EA8-42D8-962B-FBD895C9C2D5}"
EndProject
Project("{FAE04EC0-301F-11D3-BF4B-00C04F79EFBC}") = "Sample", "Sample\Sample\Sample.csproj", "{793F9075-07E6-47DC-8082-DD8FD817B600}"
EndProject
Global
	GlobalSection(SolutionConfigurationPlatforms) = preSolution
		Ad-Hoc|Any CPU = Ad-Hoc|Any CPU
		Ad-Hoc|ARM = Ad-Hoc|ARM
		Ad-Hoc|iPhone = Ad-Hoc|iPhone
		Ad-Hoc|iPhoneSimulator = Ad-Hoc|iPhoneSimulator
		Ad-Hoc|x64 = Ad-Hoc|x64
		Ad-Hoc|x86 = Ad-Hoc|x86
		AppStore|Any CPU = AppStore|Any CPU
		AppStore|ARM = AppStore|ARM
		AppStore|iPhone = AppStore|iPhone
		AppStore|iPhoneSimulator = AppStore|iPhoneSimulator
		AppStore|x64 = AppStore|x64
		AppStore|x86 = AppStore|x86
		Debug|Any CPU = Debug|Any CPU
		Debug|ARM = Debug|ARM
		Debug|iPhone = Debug|iPhone
		Debug|iPhoneSimulator = Debug|iPhoneSimulator
		Debug|x64 = Debug|x64
		Debug|x86 = Debug|x86
		Release|Any CPU = Release|Any CPU
		Release|ARM = Release|ARM
		Release|iPhone = Release|iPhone
		Release|iPhoneSimulator = Release|iPhoneSimulator
		Release|x64 = Release|x64
		Release|x86 = Release|x86
	EndGlobalSection
	GlobalSection(ProjectConfigurationPlatforms) = postSolution
		{87D5A064-B448-4928-BF17-41E37D971FC8}.Ad-Hoc|Any CPU.ActiveCfg = Debug|Any CPU
		{87D5A064-B448-4928-BF17-41E37D971FC8}.Ad-Hoc|Any CPU.Build.0 = Debug|Any CPU
		{87D5A064-B448-4928-BF17-41E37D971FC8}.Ad-Hoc|ARM.ActiveCfg = Debug|Any CPU
		{87D5A064-B448-4928-BF17-41E37D971FC8}.Ad-Hoc|ARM.Build.0 = Debug|Any CPU
		{87D5A064-B448-4928-BF17-41E37D971FC8}.Ad-Hoc|iPhone.ActiveCfg = Debug|Any CPU
		{87D5A064-B448-4928-BF17-41E37D971FC8}.Ad-Hoc|iPhone.Build.0 = Debug|Any CPU
		{87D5A064-B448-4928-BF17-41E37D971FC8}.Ad-Hoc|iPhoneSimulator.ActiveCfg = Debug|Any CPU
		{87D5A064-B448-4928-BF17-41E37D971FC8}.Ad-Hoc|iPhoneSimulator.Build.0 = Debug|Any CPU
		{87D5A064-B448-4928-BF17-41E37D971FC8}.Ad-Hoc|x64.ActiveCfg = Debug|Any CPU
		{87D5A064-B448-4928-BF17-41E37D971FC8}.Ad-Hoc|x64.Build.0 = Debug|Any CPU
		{87D5A064-B448-4928-BF17-41E37D971FC8}.Ad-Hoc|x86.ActiveCfg = Debug|Any CPU
		{87D5A064-B448-4928-BF17-41E37D971FC8}.Ad-Hoc|x86.Build.0 = Debug|Any CPU
		{87D5A064-B448-4928-BF17-41E37D971FC8}.AppStore|Any CPU.ActiveCfg = Debug|Any CPU
		{87D5A064-B448-4928-BF17-41E37D971FC8}.AppStore|Any CPU.Build.0 = Debug|Any CPU
		{87D5A064-B448-4928-BF17-41E37D971FC8}.AppStore|ARM.ActiveCfg = Debug|Any CPU
		{87D5A064-B448-4928-BF17-41E37D971FC8}.AppStore|ARM.Build.0 = Debug|Any CPU
		{87D5A064-B448-4928-BF17-41E37D971FC8}.AppStore|iPhone.ActiveCfg = Debug|Any CPU
		{87D5A064-B448-4928-BF17-41E37D971FC8}.AppStore|iPhone.Build.0 = Debug|Any CPU
		{87D5A064-B448-4928-BF17-41E37D971FC8}.AppStore|iPhoneSimulator.ActiveCfg = Debug|Any CPU
		{87D5A064-B448-4928-BF17-41E37D971FC8}.AppStore|iPhoneSimulator.Build.0 = Debug|Any CPU
		{87D5A064-B448-4928-BF17-41E37D971FC8}.AppStore|x64.ActiveCfg = Debug|Any CPU
		{87D5A064-B448-4928-BF17-41E37D971FC8}.AppStore|x64.Build.0 = Debug|Any CPU
		{87D5A064-B448-4928-BF17-41E37D971FC8}.AppStore|x86.ActiveCfg = Debug|Any CPU
		{87D5A064-B448-4928-BF17-41E37D971FC8}.AppStore|x86.Build.0 = Debug|Any CPU
		{87D5A064-B448-4928-BF17-41E37D971FC8}.Debug|Any CPU.ActiveCfg = Debug|Any CPU
		{87D5A064-B448-4928-BF17-41E37D971FC8}.Debug|Any CPU.Build.0 = Debug|Any CPU
		{87D5A064-B448-4928-BF17-41E37D971FC8}.Debug|ARM.ActiveCfg = Debug|Any CPU
		{87D5A064-B448-4928-BF17-41E37D971FC8}.Debug|ARM.Build.0 = Debug|Any CPU
		{87D5A064-B448-4928-BF17-41E37D971FC8}.Debug|iPhone.ActiveCfg = Debug|Any CPU
		{87D5A064-B448-4928-BF17-41E37D971FC8}.Debug|iPhone.Build.0 = Debug|Any CPU
		{87D5A064-B448-4928-BF17-41E37D971FC8}.Debug|iPhoneSimulator.ActiveCfg = Debug|Any CPU
		{87D5A064-B448-4928-BF17-41E37D971FC8}.Debug|iPhoneSimulator.Build.0 = Debug|Any CPU
		{87D5A064-B448-4928-BF17-41E37D971FC8}.Debug|x64.ActiveCfg = Debug|Any CPU
		{87D5A064-B448-4928-BF17-41E37D971FC8}.Debug|x64.Build.0 = Debug|Any CPU
		{87D5A064-B448-4928-BF17-41E37D971FC8}.Debug|x86.ActiveCfg = Debug|Any CPU
		{87D5A064-B448-4928-BF17-41E37D971FC8}.Debug|x86.Build.0 = Debug|Any CPU
		{87D5A064-B448-4928-BF17-41E37D971FC8}.Release|Any CPU.ActiveCfg = Release|Any CPU
		{87D5A064-B448-4928-BF17-41E37D971FC8}.Release|Any CPU.Build.0 = Release|Any CPU
		{87D5A064-B448-4928-BF17-41E37D971FC8}.Release|ARM.ActiveCfg = Release|Any CPU
		{87D5A064-B448-4928-BF17-41E37D971FC8}.Release|ARM.Build.0 = Release|Any CPU
		{87D5A064-B448-4928-BF17-41E37D971FC8}.Release|iPhone.ActiveCfg = Release|Any CPU
		{87D5A064-B448-4928-BF17-41E37D971FC8}.Release|iPhone.Build.0 = Release|Any CPU
		{87D5A064-B448-4928-BF17-41E37D971FC8}.Release|iPhoneSimulator.ActiveCfg = Release|Any CPU
		{87D5A064-B448-4928-BF17-41E37D971FC8}.Release|iPhoneSimulator.Build.0 = Release|Any CPU
		{87D5A064-B448-4928-BF17-41E37D971FC8}.Release|x64.ActiveCfg = Release|Any CPU
		{87D5A064-B448-4928-BF17-41E37D971FC8}.Release|x64.Build.0 = Release|Any CPU
		{87D5A064-B448-4928-BF17-41E37D971FC8}.Release|x86.ActiveCfg = Release|Any CPU
		{87D5A064-B448-4928-BF17-41E37D971FC8}.Release|x86.Build.0 = Release|Any CPU
		{4E043AC9-18D8-4EF3-93D7-11B7ECD7B765}.Ad-Hoc|Any CPU.ActiveCfg = Debug|Any CPU
		{4E043AC9-18D8-4EF3-93D7-11B7ECD7B765}.Ad-Hoc|Any CPU.Build.0 = Debug|Any CPU
		{4E043AC9-18D8-4EF3-93D7-11B7ECD7B765}.Ad-Hoc|ARM.ActiveCfg = Debug|Any CPU
		{4E043AC9-18D8-4EF3-93D7-11B7ECD7B765}.Ad-Hoc|ARM.Build.0 = Debug|Any CPU
		{4E043AC9-18D8-4EF3-93D7-11B7ECD7B765}.Ad-Hoc|iPhone.ActiveCfg = Debug|Any CPU
		{4E043AC9-18D8-4EF3-93D7-11B7ECD7B765}.Ad-Hoc|iPhone.Build.0 = Debug|Any CPU
		{4E043AC9-18D8-4EF3-93D7-11B7ECD7B765}.Ad-Hoc|iPhoneSimulator.ActiveCfg = Debug|Any CPU
		{4E043AC9-18D8-4EF3-93D7-11B7ECD7B765}.Ad-Hoc|iPhoneSimulator.Build.0 = Debug|Any CPU
		{4E043AC9-18D8-4EF3-93D7-11B7ECD7B765}.Ad-Hoc|x64.ActiveCfg = Debug|Any CPU
		{4E043AC9-18D8-4EF3-93D7-11B7ECD7B765}.Ad-Hoc|x64.Build.0 = Debug|Any CPU
		{4E043AC9-18D8-4EF3-93D7-11B7ECD7B765}.Ad-Hoc|x86.ActiveCfg = Debug|Any CPU
		{4E043AC9-18D8-4EF3-93D7-11B7ECD7B765}.Ad-Hoc|x86.Build.0 = Debug|Any CPU
		{4E043AC9-18D8-4EF3-93D7-11B7ECD7B765}.AppStore|Any CPU.ActiveCfg = Debug|Any CPU
		{4E043AC9-18D8-4EF3-93D7-11B7ECD7B765}.AppStore|Any CPU.Build.0 = Debug|Any CPU
		{4E043AC9-18D8-4EF3-93D7-11B7ECD7B765}.AppStore|ARM.ActiveCfg = Debug|Any CPU
		{4E043AC9-18D8-4EF3-93D7-11B7ECD7B765}.AppStore|ARM.Build.0 = Debug|Any CPU
		{4E043AC9-18D8-4EF3-93D7-11B7ECD7B765}.AppStore|iPhone.ActiveCfg = Debug|Any CPU
		{4E043AC9-18D8-4EF3-93D7-11B7ECD7B765}.AppStore|iPhone.Build.0 = Debug|Any CPU
		{4E043AC9-18D8-4EF3-93D7-11B7ECD7B765}.AppStore|iPhoneSimulator.ActiveCfg = Debug|Any CPU
		{4E043AC9-18D8-4EF3-93D7-11B7ECD7B765}.AppStore|iPhoneSimulator.Build.0 = Debug|Any CPU
		{4E043AC9-18D8-4EF3-93D7-11B7ECD7B765}.AppStore|x64.ActiveCfg = Debug|Any CPU
		{4E043AC9-18D8-4EF3-93D7-11B7ECD7B765}.AppStore|x64.Build.0 = Debug|Any CPU
		{4E043AC9-18D8-4EF3-93D7-11B7ECD7B765}.AppStore|x86.ActiveCfg = Debug|Any CPU
		{4E043AC9-18D8-4EF3-93D7-11B7ECD7B765}.AppStore|x86.Build.0 = Debug|Any CPU
		{4E043AC9-18D8-4EF3-93D7-11B7ECD7B765}.Debug|Any CPU.ActiveCfg = Debug|Any CPU
		{4E043AC9-18D8-4EF3-93D7-11B7ECD7B765}.Debug|Any CPU.Build.0 = Debug|Any CPU
		{4E043AC9-18D8-4EF3-93D7-11B7ECD7B765}.Debug|ARM.ActiveCfg = Debug|Any CPU
		{4E043AC9-18D8-4EF3-93D7-11B7ECD7B765}.Debug|ARM.Build.0 = Debug|Any CPU
		{4E043AC9-18D8-4EF3-93D7-11B7ECD7B765}.Debug|iPhone.ActiveCfg = Debug|Any CPU
		{4E043AC9-18D8-4EF3-93D7-11B7ECD7B765}.Debug|iPhone.Build.0 = Debug|Any CPU
		{4E043AC9-18D8-4EF3-93D7-11B7ECD7B765}.Debug|iPhoneSimulator.ActiveCfg = Debug|Any CPU
		{4E043AC9-18D8-4EF3-93D7-11B7ECD7B765}.Debug|iPhoneSimulator.Build.0 = Debug|Any CPU
		{4E043AC9-18D8-4EF3-93D7-11B7ECD7B765}.Debug|x64.ActiveCfg = Debug|Any CPU
		{4E043AC9-18D8-4EF3-93D7-11B7ECD7B765}.Debug|x64.Build.0 = Debug|Any CPU
		{4E043AC9-18D8-4EF3-93D7-11B7ECD7B765}.Debug|x86.ActiveCfg = Debug|Any CPU
		{4E043AC9-18D8-4EF3-93D7-11B7ECD7B765}.Debug|x86.Build.0 = Debug|Any CPU
		{4E043AC9-18D8-4EF3-93D7-11B7ECD7B765}.Release|Any CPU.ActiveCfg = Release|Any CPU
		{4E043AC9-18D8-4EF3-93D7-11B7ECD7B765}.Release|Any CPU.Build.0 = Release|Any CPU
		{4E043AC9-18D8-4EF3-93D7-11B7ECD7B765}.Release|ARM.ActiveCfg = Release|Any CPU
		{4E043AC9-18D8-4EF3-93D7-11B7ECD7B765}.Release|ARM.Build.0 = Release|Any CPU
		{4E043AC9-18D8-4EF3-93D7-11B7ECD7B765}.Release|iPhone.ActiveCfg = Release|Any CPU
		{4E043AC9-18D8-4EF3-93D7-11B7ECD7B765}.Release|iPhone.Build.0 = Release|Any CPU
		{4E043AC9-18D8-4EF3-93D7-11B7ECD7B765}.Release|iPhoneSimulator.ActiveCfg = Release|Any CPU
		{4E043AC9-18D8-4EF3-93D7-11B7ECD7B765}.Release|iPhoneSimulator.Build.0 = Release|Any CPU
		{4E043AC9-18D8-4EF3-93D7-11B7ECD7B765}.Release|x64.ActiveCfg = Release|Any CPU
		{4E043AC9-18D8-4EF3-93D7-11B7ECD7B765}.Release|x64.Build.0 = Release|Any CPU
		{4E043AC9-18D8-4EF3-93D7-11B7ECD7B765}.Release|x86.ActiveCfg = Release|Any CPU
		{4E043AC9-18D8-4EF3-93D7-11B7ECD7B765}.Release|x86.Build.0 = Release|Any CPU
		{63F46B62-EC80-41A2-82AD-035D82981846}.Ad-Hoc|Any CPU.ActiveCfg = Release|Any CPU
		{63F46B62-EC80-41A2-82AD-035D82981846}.Ad-Hoc|Any CPU.Build.0 = Release|Any CPU
		{63F46B62-EC80-41A2-82AD-035D82981846}.Ad-Hoc|Any CPU.Deploy.0 = Release|Any CPU
		{63F46B62-EC80-41A2-82AD-035D82981846}.Ad-Hoc|ARM.ActiveCfg = Release|Any CPU
		{63F46B62-EC80-41A2-82AD-035D82981846}.Ad-Hoc|ARM.Build.0 = Release|Any CPU
		{63F46B62-EC80-41A2-82AD-035D82981846}.Ad-Hoc|ARM.Deploy.0 = Release|Any CPU
		{63F46B62-EC80-41A2-82AD-035D82981846}.Ad-Hoc|iPhone.ActiveCfg = Release|Any CPU
		{63F46B62-EC80-41A2-82AD-035D82981846}.Ad-Hoc|iPhone.Build.0 = Release|Any CPU
		{63F46B62-EC80-41A2-82AD-035D82981846}.Ad-Hoc|iPhone.Deploy.0 = Release|Any CPU
		{63F46B62-EC80-41A2-82AD-035D82981846}.Ad-Hoc|iPhoneSimulator.ActiveCfg = Release|Any CPU
		{63F46B62-EC80-41A2-82AD-035D82981846}.Ad-Hoc|iPhoneSimulator.Build.0 = Release|Any CPU
		{63F46B62-EC80-41A2-82AD-035D82981846}.Ad-Hoc|iPhoneSimulator.Deploy.0 = Release|Any CPU
		{63F46B62-EC80-41A2-82AD-035D82981846}.Ad-Hoc|x64.ActiveCfg = Release|Any CPU
		{63F46B62-EC80-41A2-82AD-035D82981846}.Ad-Hoc|x64.Build.0 = Release|Any CPU
		{63F46B62-EC80-41A2-82AD-035D82981846}.Ad-Hoc|x64.Deploy.0 = Release|Any CPU
		{63F46B62-EC80-41A2-82AD-035D82981846}.Ad-Hoc|x86.ActiveCfg = Release|Any CPU
		{63F46B62-EC80-41A2-82AD-035D82981846}.Ad-Hoc|x86.Build.0 = Release|Any CPU
		{63F46B62-EC80-41A2-82AD-035D82981846}.Ad-Hoc|x86.Deploy.0 = Release|Any CPU
		{63F46B62-EC80-41A2-82AD-035D82981846}.AppStore|Any CPU.ActiveCfg = Release|Any CPU
		{63F46B62-EC80-41A2-82AD-035D82981846}.AppStore|Any CPU.Build.0 = Release|Any CPU
		{63F46B62-EC80-41A2-82AD-035D82981846}.AppStore|Any CPU.Deploy.0 = Release|Any CPU
		{63F46B62-EC80-41A2-82AD-035D82981846}.AppStore|ARM.ActiveCfg = Release|Any CPU
		{63F46B62-EC80-41A2-82AD-035D82981846}.AppStore|ARM.Build.0 = Release|Any CPU
		{63F46B62-EC80-41A2-82AD-035D82981846}.AppStore|ARM.Deploy.0 = Release|Any CPU
		{63F46B62-EC80-41A2-82AD-035D82981846}.AppStore|iPhone.ActiveCfg = Release|Any CPU
		{63F46B62-EC80-41A2-82AD-035D82981846}.AppStore|iPhone.Build.0 = Release|Any CPU
		{63F46B62-EC80-41A2-82AD-035D82981846}.AppStore|iPhone.Deploy.0 = Release|Any CPU
		{63F46B62-EC80-41A2-82AD-035D82981846}.AppStore|iPhoneSimulator.ActiveCfg = Release|Any CPU
		{63F46B62-EC80-41A2-82AD-035D82981846}.AppStore|iPhoneSimulator.Build.0 = Release|Any CPU
		{63F46B62-EC80-41A2-82AD-035D82981846}.AppStore|iPhoneSimulator.Deploy.0 = Release|Any CPU
		{63F46B62-EC80-41A2-82AD-035D82981846}.AppStore|x64.ActiveCfg = Release|Any CPU
		{63F46B62-EC80-41A2-82AD-035D82981846}.AppStore|x64.Build.0 = Release|Any CPU
		{63F46B62-EC80-41A2-82AD-035D82981846}.AppStore|x64.Deploy.0 = Release|Any CPU
		{63F46B62-EC80-41A2-82AD-035D82981846}.AppStore|x86.ActiveCfg = Release|Any CPU
		{63F46B62-EC80-41A2-82AD-035D82981846}.AppStore|x86.Build.0 = Release|Any CPU
		{63F46B62-EC80-41A2-82AD-035D82981846}.AppStore|x86.Deploy.0 = Release|Any CPU
		{63F46B62-EC80-41A2-82AD-035D82981846}.Debug|Any CPU.ActiveCfg = Debug|Any CPU
		{63F46B62-EC80-41A2-82AD-035D82981846}.Debug|Any CPU.Build.0 = Debug|Any CPU
		{63F46B62-EC80-41A2-82AD-035D82981846}.Debug|Any CPU.Deploy.0 = Debug|Any CPU
		{63F46B62-EC80-41A2-82AD-035D82981846}.Debug|ARM.ActiveCfg = Debug|Any CPU
		{63F46B62-EC80-41A2-82AD-035D82981846}.Debug|ARM.Build.0 = Debug|Any CPU
		{63F46B62-EC80-41A2-82AD-035D82981846}.Debug|ARM.Deploy.0 = Debug|Any CPU
		{63F46B62-EC80-41A2-82AD-035D82981846}.Debug|iPhone.ActiveCfg = Debug|Any CPU
		{63F46B62-EC80-41A2-82AD-035D82981846}.Debug|iPhone.Build.0 = Debug|Any CPU
		{63F46B62-EC80-41A2-82AD-035D82981846}.Debug|iPhone.Deploy.0 = Debug|Any CPU
		{63F46B62-EC80-41A2-82AD-035D82981846}.Debug|iPhoneSimulator.ActiveCfg = Debug|Any CPU
		{63F46B62-EC80-41A2-82AD-035D82981846}.Debug|iPhoneSimulator.Build.0 = Debug|Any CPU
		{63F46B62-EC80-41A2-82AD-035D82981846}.Debug|iPhoneSimulator.Deploy.0 = Debug|Any CPU
		{63F46B62-EC80-41A2-82AD-035D82981846}.Debug|x64.ActiveCfg = Debug|Any CPU
		{63F46B62-EC80-41A2-82AD-035D82981846}.Debug|x64.Build.0 = Debug|Any CPU
		{63F46B62-EC80-41A2-82AD-035D82981846}.Debug|x64.Deploy.0 = Debug|Any CPU
		{63F46B62-EC80-41A2-82AD-035D82981846}.Debug|x86.ActiveCfg = Debug|Any CPU
		{63F46B62-EC80-41A2-82AD-035D82981846}.Debug|x86.Build.0 = Debug|Any CPU
		{63F46B62-EC80-41A2-82AD-035D82981846}.Debug|x86.Deploy.0 = Debug|Any CPU
		{63F46B62-EC80-41A2-82AD-035D82981846}.Release|Any CPU.ActiveCfg = Release|Any CPU
		{63F46B62-EC80-41A2-82AD-035D82981846}.Release|Any CPU.Build.0 = Release|Any CPU
		{63F46B62-EC80-41A2-82AD-035D82981846}.Release|Any CPU.Deploy.0 = Release|Any CPU
		{63F46B62-EC80-41A2-82AD-035D82981846}.Release|ARM.ActiveCfg = Release|Any CPU
		{63F46B62-EC80-41A2-82AD-035D82981846}.Release|ARM.Build.0 = Release|Any CPU
		{63F46B62-EC80-41A2-82AD-035D82981846}.Release|ARM.Deploy.0 = Release|Any CPU
		{63F46B62-EC80-41A2-82AD-035D82981846}.Release|iPhone.ActiveCfg = Release|Any CPU
		{63F46B62-EC80-41A2-82AD-035D82981846}.Release|iPhone.Build.0 = Release|Any CPU
		{63F46B62-EC80-41A2-82AD-035D82981846}.Release|iPhone.Deploy.0 = Release|Any CPU
		{63F46B62-EC80-41A2-82AD-035D82981846}.Release|iPhoneSimulator.ActiveCfg = Release|Any CPU
		{63F46B62-EC80-41A2-82AD-035D82981846}.Release|iPhoneSimulator.Build.0 = Release|Any CPU
		{63F46B62-EC80-41A2-82AD-035D82981846}.Release|iPhoneSimulator.Deploy.0 = Release|Any CPU
		{63F46B62-EC80-41A2-82AD-035D82981846}.Release|x64.ActiveCfg = Release|Any CPU
		{63F46B62-EC80-41A2-82AD-035D82981846}.Release|x64.Build.0 = Release|Any CPU
		{63F46B62-EC80-41A2-82AD-035D82981846}.Release|x64.Deploy.0 = Release|Any CPU
		{63F46B62-EC80-41A2-82AD-035D82981846}.Release|x86.ActiveCfg = Release|Any CPU
		{63F46B62-EC80-41A2-82AD-035D82981846}.Release|x86.Build.0 = Release|Any CPU
		{63F46B62-EC80-41A2-82AD-035D82981846}.Release|x86.Deploy.0 = Release|Any CPU
		{58D9E9C7-A9C0-4895-AA34-F50C2D21C20C}.Ad-Hoc|Any CPU.ActiveCfg = Ad-Hoc|iPhone
		{58D9E9C7-A9C0-4895-AA34-F50C2D21C20C}.Ad-Hoc|ARM.ActiveCfg = Ad-Hoc|iPhone
		{58D9E9C7-A9C0-4895-AA34-F50C2D21C20C}.Ad-Hoc|iPhone.ActiveCfg = Ad-Hoc|iPhone
		{58D9E9C7-A9C0-4895-AA34-F50C2D21C20C}.Ad-Hoc|iPhone.Build.0 = Ad-Hoc|iPhone
		{58D9E9C7-A9C0-4895-AA34-F50C2D21C20C}.Ad-Hoc|iPhoneSimulator.ActiveCfg = Ad-Hoc|iPhoneSimulator
		{58D9E9C7-A9C0-4895-AA34-F50C2D21C20C}.Ad-Hoc|iPhoneSimulator.Build.0 = Ad-Hoc|iPhoneSimulator
		{58D9E9C7-A9C0-4895-AA34-F50C2D21C20C}.Ad-Hoc|x64.ActiveCfg = Ad-Hoc|iPhone
		{58D9E9C7-A9C0-4895-AA34-F50C2D21C20C}.Ad-Hoc|x86.ActiveCfg = Ad-Hoc|iPhone
		{58D9E9C7-A9C0-4895-AA34-F50C2D21C20C}.AppStore|Any CPU.ActiveCfg = AppStore|iPhone
		{58D9E9C7-A9C0-4895-AA34-F50C2D21C20C}.AppStore|ARM.ActiveCfg = AppStore|iPhone
		{58D9E9C7-A9C0-4895-AA34-F50C2D21C20C}.AppStore|iPhone.ActiveCfg = AppStore|iPhone
		{58D9E9C7-A9C0-4895-AA34-F50C2D21C20C}.AppStore|iPhone.Build.0 = AppStore|iPhone
		{58D9E9C7-A9C0-4895-AA34-F50C2D21C20C}.AppStore|iPhoneSimulator.ActiveCfg = AppStore|iPhoneSimulator
		{58D9E9C7-A9C0-4895-AA34-F50C2D21C20C}.AppStore|iPhoneSimulator.Build.0 = AppStore|iPhoneSimulator
		{58D9E9C7-A9C0-4895-AA34-F50C2D21C20C}.AppStore|x64.ActiveCfg = AppStore|iPhone
		{58D9E9C7-A9C0-4895-AA34-F50C2D21C20C}.AppStore|x86.ActiveCfg = AppStore|iPhone
		{58D9E9C7-A9C0-4895-AA34-F50C2D21C20C}.Debug|Any CPU.ActiveCfg = Debug|iPhone
		{58D9E9C7-A9C0-4895-AA34-F50C2D21C20C}.Debug|ARM.ActiveCfg = Debug|iPhone
		{58D9E9C7-A9C0-4895-AA34-F50C2D21C20C}.Debug|iPhone.ActiveCfg = Debug|iPhone
		{58D9E9C7-A9C0-4895-AA34-F50C2D21C20C}.Debug|iPhone.Build.0 = Debug|iPhone
		{58D9E9C7-A9C0-4895-AA34-F50C2D21C20C}.Debug|iPhoneSimulator.ActiveCfg = Debug|iPhoneSimulator
		{58D9E9C7-A9C0-4895-AA34-F50C2D21C20C}.Debug|iPhoneSimulator.Build.0 = Debug|iPhoneSimulator
		{58D9E9C7-A9C0-4895-AA34-F50C2D21C20C}.Debug|x64.ActiveCfg = Debug|iPhone
		{58D9E9C7-A9C0-4895-AA34-F50C2D21C20C}.Debug|x86.ActiveCfg = Debug|iPhone
		{58D9E9C7-A9C0-4895-AA34-F50C2D21C20C}.Release|Any CPU.ActiveCfg = Release|iPhone
		{58D9E9C7-A9C0-4895-AA34-F50C2D21C20C}.Release|ARM.ActiveCfg = Release|iPhone
		{58D9E9C7-A9C0-4895-AA34-F50C2D21C20C}.Release|iPhone.ActiveCfg = Release|iPhone
		{58D9E9C7-A9C0-4895-AA34-F50C2D21C20C}.Release|iPhone.Build.0 = Release|iPhone
		{58D9E9C7-A9C0-4895-AA34-F50C2D21C20C}.Release|iPhoneSimulator.ActiveCfg = Release|iPhoneSimulator
		{58D9E9C7-A9C0-4895-AA34-F50C2D21C20C}.Release|iPhoneSimulator.Build.0 = Release|iPhoneSimulator
		{58D9E9C7-A9C0-4895-AA34-F50C2D21C20C}.Release|x64.ActiveCfg = Release|iPhone
		{58D9E9C7-A9C0-4895-AA34-F50C2D21C20C}.Release|x86.ActiveCfg = Release|iPhone
		{43EFF567-5EA8-42D8-962B-FBD895C9C2D5}.Ad-Hoc|Any CPU.ActiveCfg = Release|x86
		{43EFF567-5EA8-42D8-962B-FBD895C9C2D5}.Ad-Hoc|Any CPU.Build.0 = Release|x86
		{43EFF567-5EA8-42D8-962B-FBD895C9C2D5}.Ad-Hoc|Any CPU.Deploy.0 = Release|x86
		{43EFF567-5EA8-42D8-962B-FBD895C9C2D5}.Ad-Hoc|ARM.ActiveCfg = Release|ARM
		{43EFF567-5EA8-42D8-962B-FBD895C9C2D5}.Ad-Hoc|ARM.Build.0 = Release|ARM
		{43EFF567-5EA8-42D8-962B-FBD895C9C2D5}.Ad-Hoc|ARM.Deploy.0 = Release|ARM
		{43EFF567-5EA8-42D8-962B-FBD895C9C2D5}.Ad-Hoc|iPhone.ActiveCfg = Release|x86
		{43EFF567-5EA8-42D8-962B-FBD895C9C2D5}.Ad-Hoc|iPhone.Build.0 = Release|x86
		{43EFF567-5EA8-42D8-962B-FBD895C9C2D5}.Ad-Hoc|iPhone.Deploy.0 = Release|x86
		{43EFF567-5EA8-42D8-962B-FBD895C9C2D5}.Ad-Hoc|iPhoneSimulator.ActiveCfg = Release|x86
		{43EFF567-5EA8-42D8-962B-FBD895C9C2D5}.Ad-Hoc|iPhoneSimulator.Build.0 = Release|x86
		{43EFF567-5EA8-42D8-962B-FBD895C9C2D5}.Ad-Hoc|iPhoneSimulator.Deploy.0 = Release|x86
		{43EFF567-5EA8-42D8-962B-FBD895C9C2D5}.Ad-Hoc|x64.ActiveCfg = Release|x64
		{43EFF567-5EA8-42D8-962B-FBD895C9C2D5}.Ad-Hoc|x64.Build.0 = Release|x64
		{43EFF567-5EA8-42D8-962B-FBD895C9C2D5}.Ad-Hoc|x64.Deploy.0 = Release|x64
		{43EFF567-5EA8-42D8-962B-FBD895C9C2D5}.Ad-Hoc|x86.ActiveCfg = Release|x86
		{43EFF567-5EA8-42D8-962B-FBD895C9C2D5}.Ad-Hoc|x86.Build.0 = Release|x86
		{43EFF567-5EA8-42D8-962B-FBD895C9C2D5}.Ad-Hoc|x86.Deploy.0 = Release|x86
		{43EFF567-5EA8-42D8-962B-FBD895C9C2D5}.AppStore|Any CPU.ActiveCfg = Release|x86
		{43EFF567-5EA8-42D8-962B-FBD895C9C2D5}.AppStore|Any CPU.Build.0 = Release|x86
		{43EFF567-5EA8-42D8-962B-FBD895C9C2D5}.AppStore|Any CPU.Deploy.0 = Release|x86
		{43EFF567-5EA8-42D8-962B-FBD895C9C2D5}.AppStore|ARM.ActiveCfg = Release|ARM
		{43EFF567-5EA8-42D8-962B-FBD895C9C2D5}.AppStore|ARM.Build.0 = Release|ARM
		{43EFF567-5EA8-42D8-962B-FBD895C9C2D5}.AppStore|ARM.Deploy.0 = Release|ARM
		{43EFF567-5EA8-42D8-962B-FBD895C9C2D5}.AppStore|iPhone.ActiveCfg = Release|x86
		{43EFF567-5EA8-42D8-962B-FBD895C9C2D5}.AppStore|iPhone.Build.0 = Release|x86
		{43EFF567-5EA8-42D8-962B-FBD895C9C2D5}.AppStore|iPhone.Deploy.0 = Release|x86
		{43EFF567-5EA8-42D8-962B-FBD895C9C2D5}.AppStore|iPhoneSimulator.ActiveCfg = Release|x86
		{43EFF567-5EA8-42D8-962B-FBD895C9C2D5}.AppStore|iPhoneSimulator.Build.0 = Release|x86
		{43EFF567-5EA8-42D8-962B-FBD895C9C2D5}.AppStore|iPhoneSimulator.Deploy.0 = Release|x86
		{43EFF567-5EA8-42D8-962B-FBD895C9C2D5}.AppStore|x64.ActiveCfg = Release|x64
		{43EFF567-5EA8-42D8-962B-FBD895C9C2D5}.AppStore|x64.Build.0 = Release|x64
		{43EFF567-5EA8-42D8-962B-FBD895C9C2D5}.AppStore|x64.Deploy.0 = Release|x64
		{43EFF567-5EA8-42D8-962B-FBD895C9C2D5}.AppStore|x86.ActiveCfg = Release|x86
		{43EFF567-5EA8-42D8-962B-FBD895C9C2D5}.AppStore|x86.Build.0 = Release|x86
		{43EFF567-5EA8-42D8-962B-FBD895C9C2D5}.AppStore|x86.Deploy.0 = Release|x86
		{43EFF567-5EA8-42D8-962B-FBD895C9C2D5}.Debug|Any CPU.ActiveCfg = Debug|x86
		{43EFF567-5EA8-42D8-962B-FBD895C9C2D5}.Debug|ARM.ActiveCfg = Debug|ARM
		{43EFF567-5EA8-42D8-962B-FBD895C9C2D5}.Debug|ARM.Build.0 = Debug|ARM
		{43EFF567-5EA8-42D8-962B-FBD895C9C2D5}.Debug|ARM.Deploy.0 = Debug|ARM
		{43EFF567-5EA8-42D8-962B-FBD895C9C2D5}.Debug|iPhone.ActiveCfg = Debug|x86
		{43EFF567-5EA8-42D8-962B-FBD895C9C2D5}.Debug|iPhoneSimulator.ActiveCfg = Debug|x86
		{43EFF567-5EA8-42D8-962B-FBD895C9C2D5}.Debug|x64.ActiveCfg = Debug|x64
		{43EFF567-5EA8-42D8-962B-FBD895C9C2D5}.Debug|x64.Build.0 = Debug|x64
		{43EFF567-5EA8-42D8-962B-FBD895C9C2D5}.Debug|x64.Deploy.0 = Debug|x64
		{43EFF567-5EA8-42D8-962B-FBD895C9C2D5}.Debug|x86.ActiveCfg = Debug|x86
		{43EFF567-5EA8-42D8-962B-FBD895C9C2D5}.Debug|x86.Build.0 = Debug|x86
		{43EFF567-5EA8-42D8-962B-FBD895C9C2D5}.Debug|x86.Deploy.0 = Debug|x86
		{43EFF567-5EA8-42D8-962B-FBD895C9C2D5}.Release|Any CPU.ActiveCfg = Release|x86
		{43EFF567-5EA8-42D8-962B-FBD895C9C2D5}.Release|ARM.ActiveCfg = Release|ARM
		{43EFF567-5EA8-42D8-962B-FBD895C9C2D5}.Release|ARM.Build.0 = Release|ARM
		{43EFF567-5EA8-42D8-962B-FBD895C9C2D5}.Release|ARM.Deploy.0 = Release|ARM
		{43EFF567-5EA8-42D8-962B-FBD895C9C2D5}.Release|iPhone.ActiveCfg = Release|x86
		{43EFF567-5EA8-42D8-962B-FBD895C9C2D5}.Release|iPhoneSimulator.ActiveCfg = Release|x86
		{43EFF567-5EA8-42D8-962B-FBD895C9C2D5}.Release|x64.ActiveCfg = Release|x64
		{43EFF567-5EA8-42D8-962B-FBD895C9C2D5}.Release|x64.Build.0 = Release|x64
		{43EFF567-5EA8-42D8-962B-FBD895C9C2D5}.Release|x64.Deploy.0 = Release|x64
		{43EFF567-5EA8-42D8-962B-FBD895C9C2D5}.Release|x86.ActiveCfg = Release|x86
		{43EFF567-5EA8-42D8-962B-FBD895C9C2D5}.Release|x86.Build.0 = Release|x86
		{43EFF567-5EA8-42D8-962B-FBD895C9C2D5}.Release|x86.Deploy.0 = Release|x86
		{793F9075-07E6-47DC-8082-DD8FD817B600}.Ad-Hoc|Any CPU.ActiveCfg = Debug|Any CPU
		{793F9075-07E6-47DC-8082-DD8FD817B600}.Ad-Hoc|Any CPU.Build.0 = Debug|Any CPU
		{793F9075-07E6-47DC-8082-DD8FD817B600}.Ad-Hoc|ARM.ActiveCfg = Debug|Any CPU
		{793F9075-07E6-47DC-8082-DD8FD817B600}.Ad-Hoc|ARM.Build.0 = Debug|Any CPU
		{793F9075-07E6-47DC-8082-DD8FD817B600}.Ad-Hoc|iPhone.ActiveCfg = Debug|Any CPU
		{793F9075-07E6-47DC-8082-DD8FD817B600}.Ad-Hoc|iPhone.Build.0 = Debug|Any CPU
		{793F9075-07E6-47DC-8082-DD8FD817B600}.Ad-Hoc|iPhoneSimulator.ActiveCfg = Debug|Any CPU
		{793F9075-07E6-47DC-8082-DD8FD817B600}.Ad-Hoc|iPhoneSimulator.Build.0 = Debug|Any CPU
		{793F9075-07E6-47DC-8082-DD8FD817B600}.Ad-Hoc|x64.ActiveCfg = Debug|Any CPU
		{793F9075-07E6-47DC-8082-DD8FD817B600}.Ad-Hoc|x64.Build.0 = Debug|Any CPU
		{793F9075-07E6-47DC-8082-DD8FD817B600}.Ad-Hoc|x86.ActiveCfg = Debug|Any CPU
		{793F9075-07E6-47DC-8082-DD8FD817B600}.Ad-Hoc|x86.Build.0 = Debug|Any CPU
		{793F9075-07E6-47DC-8082-DD8FD817B600}.AppStore|Any CPU.ActiveCfg = Debug|Any CPU
		{793F9075-07E6-47DC-8082-DD8FD817B600}.AppStore|Any CPU.Build.0 = Debug|Any CPU
		{793F9075-07E6-47DC-8082-DD8FD817B600}.AppStore|ARM.ActiveCfg = Debug|Any CPU
		{793F9075-07E6-47DC-8082-DD8FD817B600}.AppStore|ARM.Build.0 = Debug|Any CPU
		{793F9075-07E6-47DC-8082-DD8FD817B600}.AppStore|iPhone.ActiveCfg = Debug|Any CPU
		{793F9075-07E6-47DC-8082-DD8FD817B600}.AppStore|iPhone.Build.0 = Debug|Any CPU
		{793F9075-07E6-47DC-8082-DD8FD817B600}.AppStore|iPhoneSimulator.ActiveCfg = Debug|Any CPU
		{793F9075-07E6-47DC-8082-DD8FD817B600}.AppStore|iPhoneSimulator.Build.0 = Debug|Any CPU
		{793F9075-07E6-47DC-8082-DD8FD817B600}.AppStore|x64.ActiveCfg = Debug|Any CPU
		{793F9075-07E6-47DC-8082-DD8FD817B600}.AppStore|x64.Build.0 = Debug|Any CPU
		{793F9075-07E6-47DC-8082-DD8FD817B600}.AppStore|x86.ActiveCfg = Debug|Any CPU
		{793F9075-07E6-47DC-8082-DD8FD817B600}.AppStore|x86.Build.0 = Debug|Any CPU
		{793F9075-07E6-47DC-8082-DD8FD817B600}.Debug|Any CPU.ActiveCfg = Debug|Any CPU
		{793F9075-07E6-47DC-8082-DD8FD817B600}.Debug|Any CPU.Build.0 = Debug|Any CPU
		{793F9075-07E6-47DC-8082-DD8FD817B600}.Debug|ARM.ActiveCfg = Debug|Any CPU
		{793F9075-07E6-47DC-8082-DD8FD817B600}.Debug|ARM.Build.0 = Debug|Any CPU
		{793F9075-07E6-47DC-8082-DD8FD817B600}.Debug|iPhone.ActiveCfg = Debug|Any CPU
		{793F9075-07E6-47DC-8082-DD8FD817B600}.Debug|iPhone.Build.0 = Debug|Any CPU
		{793F9075-07E6-47DC-8082-DD8FD817B600}.Debug|iPhoneSimulator.ActiveCfg = Debug|Any CPU
		{793F9075-07E6-47DC-8082-DD8FD817B600}.Debug|iPhoneSimulator.Build.0 = Debug|Any CPU
		{793F9075-07E6-47DC-8082-DD8FD817B600}.Debug|x64.ActiveCfg = Debug|Any CPU
		{793F9075-07E6-47DC-8082-DD8FD817B600}.Debug|x64.Build.0 = Debug|Any CPU
		{793F9075-07E6-47DC-8082-DD8FD817B600}.Debug|x86.ActiveCfg = Debug|Any CPU
		{793F9075-07E6-47DC-8082-DD8FD817B600}.Debug|x86.Build.0 = Debug|Any CPU
		{793F9075-07E6-47DC-8082-DD8FD817B600}.Release|Any CPU.ActiveCfg = Release|Any CPU
		{793F9075-07E6-47DC-8082-DD8FD817B600}.Release|Any CPU.Build.0 = Release|Any CPU
		{793F9075-07E6-47DC-8082-DD8FD817B600}.Release|ARM.ActiveCfg = Release|Any CPU
		{793F9075-07E6-47DC-8082-DD8FD817B600}.Release|ARM.Build.0 = Release|Any CPU
		{793F9075-07E6-47DC-8082-DD8FD817B600}.Release|iPhone.ActiveCfg = Release|Any CPU
		{793F9075-07E6-47DC-8082-DD8FD817B600}.Release|iPhone.Build.0 = Release|Any CPU
		{793F9075-07E6-47DC-8082-DD8FD817B600}.Release|iPhoneSimulator.ActiveCfg = Release|Any CPU
		{793F9075-07E6-47DC-8082-DD8FD817B600}.Release|iPhoneSimulator.Build.0 = Release|Any CPU
		{793F9075-07E6-47DC-8082-DD8FD817B600}.Release|x64.ActiveCfg = Release|Any CPU
		{793F9075-07E6-47DC-8082-DD8FD817B600}.Release|x64.Build.0 = Release|Any CPU
		{793F9075-07E6-47DC-8082-DD8FD817B600}.Release|x86.ActiveCfg = Release|Any CPU
		{793F9075-07E6-47DC-8082-DD8FD817B600}.Release|x86.Build.0 = Release|Any CPU
	EndGlobalSection
	GlobalSection(SolutionProperties) = preSolution
		HideSolutionNode = FALSE
	EndGlobalSection
	GlobalSection(ExtensibilityGlobals) = postSolution
		SolutionGuid = {CF89D07F-16D2-438A-B57B-582F4177EC79}
	EndGlobalSection
EndGlobal
